{
  "version": 4,
  "terraform_version": "1.13.5",
  "serial": 21,
  "lineage": "b4076778-2f5f-836f-82a4-415a8b9586c2",
  "outputs": {},
  "resources": [
    {
      "mode": "managed",
      "type": "scaleway_k8s_cluster",
      "name": "shopsecure_cluster",
      "provider": "provider[\"registry.terraform.io/scaleway/scaleway\"]",
      "instances": [
        {
          "schema_version": 0,
          "attributes": {
            "admission_plugins": null,
            "apiserver_cert_sans": null,
            "apiserver_url": "https://933452b2-2438-4659-b27f-53242d90c203.api.k8s.pl-waw.scw.cloud:6443",
            "auto_upgrade": [
              {
                "enable": false,
                "maintenance_window_day": "any",
                "maintenance_window_start_hour": 0
              }
            ],
            "autoscaler_config": [
              {
                "balance_similar_node_groups": false,
                "disable_scale_down": false,
                "estimator": "binpacking",
                "expander": "random",
                "expendable_pods_priority_cutoff": 0,
                "ignore_daemonsets_utilization": false,
                "max_graceful_termination_sec": 0,
                "scale_down_delay_after_add": "10m",
                "scale_down_unneeded_time": "10m",
                "scale_down_utilization_threshold": 0.5
              }
            ],
            "cni": "cilium",
            "created_at": "2025-11-18T12:17:37Z",
            "delete_additional_resources": true,
            "description": "",
            "feature_gates": null,
            "id": "pl-waw/933452b2-2438-4659-b27f-53242d90c203",
            "kubeconfig": [
              {
                "cluster_ca_certificate": "LS0tLS1CRUdJTiBDRVJUSUZJQ0FURS0tLS0tCk1JSUJXekNDQVFHZ0F3SUJBZ0lCQURBS0JnZ3Foa2pPUFFRREFqQVZNUk13RVFZRFZRUURFd3ByZFdKbGNtNWwKZEdWek1CNFhEVEkxTVRFeE56RXlNVGN6TjFvWERUTTFNVEV4TnpFeU1UY3pOMW93RlRFVE1CRUdBMVVFQXhNSwphM1ZpWlhKdVpYUmxjekJaTUJNR0J5cUdTTTQ5QWdFR0NDcUdTTTQ5QXdFSEEwSUFCRmJrblBWR2J0S3lmQnZwClN6M0dna2xZN2luTnBOalZ0NVVNTkp5VXdOUDlFRFAvdlhScmZpdFp2R1pKUlZMMDM5dUhjdUs2N2Zxb0JHWWIKUUs3dUJXbWpRakJBTUE0R0ExVWREd0VCL3dRRUF3SUNwREFQQmdOVkhSTUJBZjhFQlRBREFRSC9NQjBHQTFVZApEZ1FXQkJTQnBuRHJQU1NoZW9STjNSWStaYkZzTUFFOTJUQUtCZ2dxaGtqT1BRUURBZ05JQURCRkFpRUFrc0h0Cjg0NEZBaWp6dnVoZTlVcnBGdG1Vb3EyZ2tiT1l0WUtHOVlPVGh1MENJRDFYb0M3NFdzcGFtYUZtS04xNzJkMncKNytrM2RHMlZMUEMrdkZSOVQzK3kKLS0tLS1FTkQgQ0VSVElGSUNBVEUtLS0tLQo=",
                "config_file": "apiVersion: v1\nclusters:\n- name: \"shopsecure-kapsule-cluster\"\n  cluster:\n    certificate-authority-data: LS0tLS1CRUdJTiBDRVJUSUZJQ0FURS0tLS0tCk1JSUJXekNDQVFHZ0F3SUJBZ0lCQURBS0JnZ3Foa2pPUFFRREFqQVZNUk13RVFZRFZRUURFd3ByZFdKbGNtNWwKZEdWek1CNFhEVEkxTVRFeE56RXlNVGN6TjFvWERUTTFNVEV4TnpFeU1UY3pOMW93RlRFVE1CRUdBMVVFQXhNSwphM1ZpWlhKdVpYUmxjekJaTUJNR0J5cUdTTTQ5QWdFR0NDcUdTTTQ5QXdFSEEwSUFCRmJrblBWR2J0S3lmQnZwClN6M0dna2xZN2luTnBOalZ0NVVNTkp5VXdOUDlFRFAvdlhScmZpdFp2R1pKUlZMMDM5dUhjdUs2N2Zxb0JHWWIKUUs3dUJXbWpRakJBTUE0R0ExVWREd0VCL3dRRUF3SUNwREFQQmdOVkhSTUJBZjhFQlRBREFRSC9NQjBHQTFVZApEZ1FXQkJTQnBuRHJQU1NoZW9STjNSWStaYkZzTUFFOTJUQUtCZ2dxaGtqT1BRUURBZ05JQURCRkFpRUFrc0h0Cjg0NEZBaWp6dnVoZTlVcnBGdG1Vb3EyZ2tiT1l0WUtHOVlPVGh1MENJRDFYb0M3NFdzcGFtYUZtS04xNzJkMncKNytrM2RHMlZMUEMrdkZSOVQzK3kKLS0tLS1FTkQgQ0VSVElGSUNBVEUtLS0tLQo=\n    server: https://933452b2-2438-4659-b27f-53242d90c203.api.k8s.pl-waw.scw.cloud:6443\ncontexts:\n- name: admin@shopsecure-kapsule-cluster\n  context:\n    cluster: \"shopsecure-kapsule-cluster\"\n    user: shopsecure-kapsule-cluster-admin\ncurrent-context: admin@shopsecure-kapsule-cluster\nkind: Config\npreferences: {}\nusers:\n- name: shopsecure-kapsule-cluster-admin\n  user:\n    token: eGhZZLNo56Aytl8c8w0jsyTteS4gRtPxrMMbyShYoJoUuZvajnT6BdRR",
                "host": "https://933452b2-2438-4659-b27f-53242d90c203.api.k8s.pl-waw.scw.cloud:6443",
                "token": "eGhZZLNo56Aytl8c8w0jsyTteS4gRtPxrMMbyShYoJoUuZvajnT6BdRR"
              }
            ],
            "name": "shopsecure-kapsule-cluster",
            "open_id_connect_config": [
              {
                "client_id": "",
                "groups_claim": [],
                "groups_prefix": "",
                "issuer_url": "",
                "required_claim": [],
                "username_claim": "",
                "username_prefix": ""
              }
            ],
            "organization_id": "002c0a6c-bfdb-4714-83b1-d109ffd161ba",
            "pod_cidr": "100.64.0.0/15",
            "private_network_id": "107bbc74-2526-4cf9-949d-4a21007cfcca",
            "project_id": "002c0a6c-bfdb-4714-83b1-d109ffd161ba",
            "region": "pl-waw",
            "service_cidr": "10.32.0.0/20",
            "service_dns_ip": "10.32.0.10",
            "status": "pool_required",
            "tags": null,
            "timeouts": null,
            "type": "kapsule",
            "updated_at": "2025-11-18T12:17:38Z",
            "upgrade_available": true,
            "version": "1.33.4",
            "wildcard_dns": "*.933452b2-2438-4659-b27f-53242d90c203.nodes.k8s.pl-waw.scw.cloud"
          },
          "sensitive_attributes": [
            [
              {
                "type": "get_attr",
                "value": "kubeconfig"
              }
            ]
          ],
          "identity_schema_version": 0,
          "private": "eyJlMmJmYjczMC1lY2FhLTExZTYtOGY4OC0zNDM2M2JjN2M0YzAiOnsiY3JlYXRlIjo5MDAwMDAwMDAwMDAsImRlZmF1bHQiOjkwMDAwMDAwMDAwMCwiZGVsZXRlIjo5MDAwMDAwMDAwMDAsInJlYWQiOjkwMDAwMDAwMDAwMCwidXBkYXRlIjo5MDAwMDAwMDAwMDB9fQ==",
          "dependencies": [
            "scaleway_vpc_private_network.shopsecure_pn"
          ]
        }
      ]
    },
    {
      "mode": "managed",
      "type": "scaleway_vpc_private_network",
      "name": "shopsecure_pn",
      "provider": "provider[\"registry.terraform.io/scaleway/scaleway\"]",
      "instances": [
        {
          "schema_version": 1,
          "attributes": {
            "created_at": "2025-11-18T12:17:36Z",
            "enable_default_route_propagation": false,
            "id": "pl-waw/107bbc74-2526-4cf9-949d-4a21007cfcca",
            "ipv4_subnet": [
              {
                "address": "172.16.0.0",
                "created_at": "2025-11-18T12:17:36Z",
                "id": "ca5d24a2-d878-4def-a96a-8c1db3d0e3c3",
                "prefix_length": 22,
                "subnet": "172.16.0.0/22",
                "subnet_mask": "255.255.252.0",
                "updated_at": "2025-11-18T12:17:36Z"
              }
            ],
            "ipv6_subnets": [
              {
                "address": "fdb2:5248:b879:8f3f::",
                "created_at": "2025-11-18T12:17:36Z",
                "id": "2f0f05d1-3c8a-48e0-b2d9-5aa753336262",
                "prefix_length": 64,
                "subnet": "fdb2:5248:b879:8f3f::/64",
                "subnet_mask": "255.255.255.255.255.255.255.255.0.0.0.0.0.0.0.0",
                "updated_at": "2025-11-18T12:17:36Z"
              }
            ],
            "is_regional": true,
            "name": "shopsecure-private-net",
            "organization_id": "002c0a6c-bfdb-4714-83b1-d109ffd161ba",
            "project_id": "002c0a6c-bfdb-4714-83b1-d109ffd161ba",
            "region": "pl-waw",
            "tags": null,
            "updated_at": "2025-11-18T12:17:36Z",
            "vpc_id": "pl-waw/a6e6d9f5-4ffb-4806-802d-4ec4ddfd878d",
            "zone": "fr-par-1"
          },
          "sensitive_attributes": [],
          "identity_schema_version": 0,
          "private": "eyJzY2hlbWFfdmVyc2lvbiI6IjEifQ=="
        }
      ]
    }
  ],
  "check_results": null
}
