{
  "version": 4,
  "terraform_version": "1.13.5",
  "serial": 11,
  "lineage": "1692555a-5fec-ff4b-6911-764daaf6fecc",
  "outputs": {},
  "resources": [
    {
      "mode": "data",
      "type": "scaleway_k8s_cluster",
      "name": "shopsecure_cluster",
      "provider": "provider[\"registry.terraform.io/scaleway/scaleway\"]",
      "instances": [
        {
          "schema_version": 0,
          "attributes": {
            "admission_plugins": [],
            "apiserver_cert_sans": [],
            "apiserver_url": "https://e011b3e5-82a3-4f73-bd37-23c3538b06fb.api.k8s.pl-waw.scw.cloud:6443",
            "auto_upgrade": [
              {
                "enable": false,
                "maintenance_window_day": "any",
                "maintenance_window_start_hour": 0
              }
            ],
            "autoscaler_config": [
              {
                "balance_similar_node_groups": false,
                "disable_scale_down": false,
                "estimator": "binpacking",
                "expander": "random",
                "expendable_pods_priority_cutoff": 0,
                "ignore_daemonsets_utilization": false,
                "max_graceful_termination_sec": 0,
                "scale_down_delay_after_add": "10m",
                "scale_down_unneeded_time": "10m",
                "scale_down_utilization_threshold": 0.5
              }
            ],
            "cluster_id": "pl-waw/e011b3e5-82a3-4f73-bd37-23c3538b06fb",
            "cni": "cilium",
            "created_at": "2025-11-18T19:34:23Z",
            "description": "",
            "feature_gates": [],
            "id": "pl-waw/e011b3e5-82a3-4f73-bd37-23c3538b06fb",
            "kubeconfig": [
              {
                "cluster_ca_certificate": "LS0tLS1CRUdJTiBDRVJUSUZJQ0FURS0tLS0tCk1JSUJXekNDQVFHZ0F3SUJBZ0lCQURBS0JnZ3Foa2pPUFFRREFqQVZNUk13RVFZRFZRUURFd3ByZFdKbGNtNWwKZEdWek1CNFhEVEkxTVRFeE56RTVNelF5TTFvWERUTTFNVEV4TnpFNU16UXlNMW93RlRFVE1CRUdBMVVFQXhNSwphM1ZpWlhKdVpYUmxjekJaTUJNR0J5cUdTTTQ5QWdFR0NDcUdTTTQ5QXdFSEEwSUFCSEJjNWJma3J4OGY3cXUzCk5vbnVYWHpxM1E3ZGs2NjkxSjQ4SUpaK1dDd1N4VFZKd1FrOE1teEdVRjlqQ292UWFydVN2Z3E1cVRuSFJnbHIKT1d0dlh5U2pRakJBTUE0R0ExVWREd0VCL3dRRUF3SUNwREFQQmdOVkhSTUJBZjhFQlRBREFRSC9NQjBHQTFVZApEZ1FXQkJUL1I5NXdJWVFnVWxZM0NEM2kwaWN4S2huaGVUQUtCZ2dxaGtqT1BRUURBZ05JQURCRkFpQlZ2TVRNCnhQRmZLb1RyeGxCTUJJczh0UjJmaDA5YzJzbkRPalZMRURJU2RBSWhBTkFuRStpRzFxRWd4N1FaYVRrT0g3N0IKaEtNSC9VaGdzeUx6Q1dqK01QbysKLS0tLS1FTkQgQ0VSVElGSUNBVEUtLS0tLQo=",
                "config_file": "apiVersion: v1\nclusters:\n- name: \"shopsecure-kapsule-cluster\"\n  cluster:\n    certificate-authority-data: LS0tLS1CRUdJTiBDRVJUSUZJQ0FURS0tLS0tCk1JSUJXekNDQVFHZ0F3SUJBZ0lCQURBS0JnZ3Foa2pPUFFRREFqQVZNUk13RVFZRFZRUURFd3ByZFdKbGNtNWwKZEdWek1CNFhEVEkxTVRFeE56RTVNelF5TTFvWERUTTFNVEV4TnpFNU16UXlNMW93RlRFVE1CRUdBMVVFQXhNSwphM1ZpWlhKdVpYUmxjekJaTUJNR0J5cUdTTTQ5QWdFR0NDcUdTTTQ5QXdFSEEwSUFCSEJjNWJma3J4OGY3cXUzCk5vbnVYWHpxM1E3ZGs2NjkxSjQ4SUpaK1dDd1N4VFZKd1FrOE1teEdVRjlqQ292UWFydVN2Z3E1cVRuSFJnbHIKT1d0dlh5U2pRakJBTUE0R0ExVWREd0VCL3dRRUF3SUNwREFQQmdOVkhSTUJBZjhFQlRBREFRSC9NQjBHQTFVZApEZ1FXQkJUL1I5NXdJWVFnVWxZM0NEM2kwaWN4S2huaGVUQUtCZ2dxaGtqT1BRUURBZ05JQURCRkFpQlZ2TVRNCnhQRmZLb1RyeGxCTUJJczh0UjJmaDA5YzJzbkRPalZMRURJU2RBSWhBTkFuRStpRzFxRWd4N1FaYVRrT0g3N0IKaEtNSC9VaGdzeUx6Q1dqK01QbysKLS0tLS1FTkQgQ0VSVElGSUNBVEUtLS0tLQo=\n    server: https://e011b3e5-82a3-4f73-bd37-23c3538b06fb.api.k8s.pl-waw.scw.cloud:6443\ncontexts:\n- name: admin@shopsecure-kapsule-cluster\n  context:\n    cluster: \"shopsecure-kapsule-cluster\"\n    user: shopsecure-kapsule-cluster-admin\ncurrent-context: admin@shopsecure-kapsule-cluster\nkind: Config\npreferences: {}\nusers:\n- name: shopsecure-kapsule-cluster-admin\n  user:\n    token: c2wE8nssmFSmT63nTGR7ygUToEtCTI7gD1LMatLDsncxq9ZQOAWOuGa4",
                "host": "https://e011b3e5-82a3-4f73-bd37-23c3538b06fb.api.k8s.pl-waw.scw.cloud:6443",
                "token": "c2wE8nssmFSmT63nTGR7ygUToEtCTI7gD1LMatLDsncxq9ZQOAWOuGa4"
              }
            ],
            "name": "shopsecure-kapsule-cluster",
            "open_id_connect_config": [
              {
                "client_id": "",
                "groups_claim": [],
                "groups_prefix": "",
                "issuer_url": "",
                "required_claim": [],
                "username_claim": "",
                "username_prefix": ""
              }
            ],
            "organization_id": "002c0a6c-bfdb-4714-83b1-d109ffd161ba",
            "pod_cidr": "100.64.0.0/15",
            "private_network_id": "e50910fa-5e2b-4a3f-b869-b9471e8fa09d",
            "project_id": "002c0a6c-bfdb-4714-83b1-d109ffd161ba",
            "region": "pl-waw",
            "service_cidr": "10.32.0.0/20",
            "service_dns_ip": "10.32.0.10",
            "status": "ready",
            "tags": [],
            "type": "kapsule",
            "updated_at": "2025-11-18T19:36:06Z",
            "upgrade_available": true,
            "version": "1.33.4",
            "wildcard_dns": "*.e011b3e5-82a3-4f73-bd37-23c3538b06fb.nodes.k8s.pl-waw.scw.cloud"
          },
          "sensitive_attributes": [],
          "identity_schema_version": 0
        }
      ]
    },
    {
      "mode": "managed",
      "type": "helm_release",
      "name": "cert_manager",
      "provider": "provider[\"registry.terraform.io/hashicorp/helm\"]",
      "instances": [
        {
          "schema_version": 1,
          "attributes": {
            "atomic": false,
            "chart": "cert-manager",
            "cleanup_on_fail": false,
            "create_namespace": true,
            "dependency_update": false,
            "description": null,
            "devel": null,
            "disable_crd_hooks": false,
            "disable_openapi_validation": false,
            "disable_webhooks": false,
            "force_update": false,
            "id": "cert-manager",
            "keyring": null,
            "lint": false,
            "manifest": null,
            "max_history": 0,
            "metadata": [
              {
                "app_version": "v1.16.1",
                "chart": "cert-manager",
                "name": "cert-manager",
                "namespace": "cert-manager",
                "revision": 1,
                "values": "{\"installCRDs\":true}",
                "version": "v1.16.1"
              }
            ],
            "name": "cert-manager",
            "namespace": "cert-manager",
            "pass_credentials": false,
            "postrender": [],
            "recreate_pods": false,
            "render_subchart_notes": true,
            "replace": false,
            "repository": "https://charts.jetstack.io",
            "repository_ca_file": null,
            "repository_cert_file": null,
            "repository_key_file": null,
            "repository_password": null,
            "repository_username": null,
            "reset_values": false,
            "reuse_values": false,
            "set": [
              {
                "name": "installCRDs",
                "type": "",
                "value": "true"
              }
            ],
            "set_list": [],
            "set_sensitive": [],
            "skip_crds": false,
            "status": "deployed",
            "timeout": 300,
            "values": null,
            "verify": false,
            "version": "v1.16.1",
            "wait": true,
            "wait_for_jobs": false
          },
          "sensitive_attributes": [
            [
              {
                "type": "get_attr",
                "value": "repository_password"
              }
            ]
          ],
          "identity_schema_version": 0,
          "private": "eyJzY2hlbWFfdmVyc2lvbiI6IjEifQ==",
          "dependencies": [
            "data.scaleway_k8s_cluster.shopsecure_cluster",
            "scaleway_k8s_cluster.shopsecure_cluster",
            "scaleway_k8s_pool.full_isolation_pool",
            "scaleway_vpc_gateway_network.shopsecure_gateway_network",
            "scaleway_vpc_private_network.shopsecure_pn",
            "scaleway_vpc_public_gateway.shopsecure_gateway"
          ]
        }
      ]
    },
    {
      "mode": "managed",
      "type": "helm_release",
      "name": "nginx_ingress",
      "provider": "provider[\"registry.terraform.io/hashicorp/helm\"]",
      "instances": []
    },
    {
      "mode": "managed",
      "type": "scaleway_k8s_cluster",
      "name": "shopsecure_cluster",
      "provider": "provider[\"registry.terraform.io/scaleway/scaleway\"]",
      "instances": [
        {
          "schema_version": 0,
          "attributes": {
            "admission_plugins": null,
            "apiserver_cert_sans": null,
            "apiserver_url": "https://e011b3e5-82a3-4f73-bd37-23c3538b06fb.api.k8s.pl-waw.scw.cloud:6443",
            "auto_upgrade": [
              {
                "enable": false,
                "maintenance_window_day": "any",
                "maintenance_window_start_hour": 0
              }
            ],
            "autoscaler_config": [
              {
                "balance_similar_node_groups": false,
                "disable_scale_down": false,
                "estimator": "binpacking",
                "expander": "random",
                "expendable_pods_priority_cutoff": 0,
                "ignore_daemonsets_utilization": false,
                "max_graceful_termination_sec": 0,
                "scale_down_delay_after_add": "10m",
                "scale_down_unneeded_time": "10m",
                "scale_down_utilization_threshold": 0.5
              }
            ],
            "cni": "cilium",
            "created_at": "2025-11-18T19:34:23Z",
            "delete_additional_resources": true,
            "description": "",
            "feature_gates": null,
            "id": "pl-waw/e011b3e5-82a3-4f73-bd37-23c3538b06fb",
            "kubeconfig": [
              {
                "cluster_ca_certificate": "LS0tLS1CRUdJTiBDRVJUSUZJQ0FURS0tLS0tCk1JSUJXekNDQVFHZ0F3SUJBZ0lCQURBS0JnZ3Foa2pPUFFRREFqQVZNUk13RVFZRFZRUURFd3ByZFdKbGNtNWwKZEdWek1CNFhEVEkxTVRFeE56RTVNelF5TTFvWERUTTFNVEV4TnpFNU16UXlNMW93RlRFVE1CRUdBMVVFQXhNSwphM1ZpWlhKdVpYUmxjekJaTUJNR0J5cUdTTTQ5QWdFR0NDcUdTTTQ5QXdFSEEwSUFCSEJjNWJma3J4OGY3cXUzCk5vbnVYWHpxM1E3ZGs2NjkxSjQ4SUpaK1dDd1N4VFZKd1FrOE1teEdVRjlqQ292UWFydVN2Z3E1cVRuSFJnbHIKT1d0dlh5U2pRakJBTUE0R0ExVWREd0VCL3dRRUF3SUNwREFQQmdOVkhSTUJBZjhFQlRBREFRSC9NQjBHQTFVZApEZ1FXQkJUL1I5NXdJWVFnVWxZM0NEM2kwaWN4S2huaGVUQUtCZ2dxaGtqT1BRUURBZ05JQURCRkFpQlZ2TVRNCnhQRmZLb1RyeGxCTUJJczh0UjJmaDA5YzJzbkRPalZMRURJU2RBSWhBTkFuRStpRzFxRWd4N1FaYVRrT0g3N0IKaEtNSC9VaGdzeUx6Q1dqK01QbysKLS0tLS1FTkQgQ0VSVElGSUNBVEUtLS0tLQo=",
                "config_file": "apiVersion: v1\nclusters:\n- name: \"shopsecure-kapsule-cluster\"\n  cluster:\n    certificate-authority-data: LS0tLS1CRUdJTiBDRVJUSUZJQ0FURS0tLS0tCk1JSUJXekNDQVFHZ0F3SUJBZ0lCQURBS0JnZ3Foa2pPUFFRREFqQVZNUk13RVFZRFZRUURFd3ByZFdKbGNtNWwKZEdWek1CNFhEVEkxTVRFeE56RTVNelF5TTFvWERUTTFNVEV4TnpFNU16UXlNMW93RlRFVE1CRUdBMVVFQXhNSwphM1ZpWlhKdVpYUmxjekJaTUJNR0J5cUdTTTQ5QWdFR0NDcUdTTTQ5QXdFSEEwSUFCSEJjNWJma3J4OGY3cXUzCk5vbnVYWHpxM1E3ZGs2NjkxSjQ4SUpaK1dDd1N4VFZKd1FrOE1teEdVRjlqQ292UWFydVN2Z3E1cVRuSFJnbHIKT1d0dlh5U2pRakJBTUE0R0ExVWREd0VCL3dRRUF3SUNwREFQQmdOVkhSTUJBZjhFQlRBREFRSC9NQjBHQTFVZApEZ1FXQkJUL1I5NXdJWVFnVWxZM0NEM2kwaWN4S2huaGVUQUtCZ2dxaGtqT1BRUURBZ05JQURCRkFpQlZ2TVRNCnhQRmZLb1RyeGxCTUJJczh0UjJmaDA5YzJzbkRPalZMRURJU2RBSWhBTkFuRStpRzFxRWd4N1FaYVRrT0g3N0IKaEtNSC9VaGdzeUx6Q1dqK01QbysKLS0tLS1FTkQgQ0VSVElGSUNBVEUtLS0tLQo=\n    server: https://e011b3e5-82a3-4f73-bd37-23c3538b06fb.api.k8s.pl-waw.scw.cloud:6443\ncontexts:\n- name: admin@shopsecure-kapsule-cluster\n  context:\n    cluster: \"shopsecure-kapsule-cluster\"\n    user: shopsecure-kapsule-cluster-admin\ncurrent-context: admin@shopsecure-kapsule-cluster\nkind: Config\npreferences: {}\nusers:\n- name: shopsecure-kapsule-cluster-admin\n  user:\n    token: c2wE8nssmFSmT63nTGR7ygUToEtCTI7gD1LMatLDsncxq9ZQOAWOuGa4",
                "host": "https://e011b3e5-82a3-4f73-bd37-23c3538b06fb.api.k8s.pl-waw.scw.cloud:6443",
                "token": "c2wE8nssmFSmT63nTGR7ygUToEtCTI7gD1LMatLDsncxq9ZQOAWOuGa4"
              }
            ],
            "name": "shopsecure-kapsule-cluster",
            "open_id_connect_config": [
              {
                "client_id": "",
                "groups_claim": [],
                "groups_prefix": "",
                "issuer_url": "",
                "required_claim": [],
                "username_claim": "",
                "username_prefix": ""
              }
            ],
            "organization_id": "002c0a6c-bfdb-4714-83b1-d109ffd161ba",
            "pod_cidr": "100.64.0.0/15",
            "private_network_id": "e50910fa-5e2b-4a3f-b869-b9471e8fa09d",
            "project_id": "002c0a6c-bfdb-4714-83b1-d109ffd161ba",
            "region": "pl-waw",
            "service_cidr": "10.32.0.0/20",
            "service_dns_ip": "10.32.0.10",
            "status": "pool_required",
            "tags": null,
            "timeouts": null,
            "type": "kapsule",
            "updated_at": "2025-11-18T19:34:24Z",
            "upgrade_available": true,
            "version": "1.33.4",
            "wildcard_dns": "*.e011b3e5-82a3-4f73-bd37-23c3538b06fb.nodes.k8s.pl-waw.scw.cloud"
          },
          "sensitive_attributes": [
            [
              {
                "type": "get_attr",
                "value": "kubeconfig"
              }
            ]
          ],
          "identity_schema_version": 0,
          "private": "eyJlMmJmYjczMC1lY2FhLTExZTYtOGY4OC0zNDM2M2JjN2M0YzAiOnsiY3JlYXRlIjo5MDAwMDAwMDAwMDAsImRlZmF1bHQiOjkwMDAwMDAwMDAwMCwiZGVsZXRlIjo5MDAwMDAwMDAwMDAsInJlYWQiOjkwMDAwMDAwMDAwMCwidXBkYXRlIjo5MDAwMDAwMDAwMDB9fQ==",
          "dependencies": [
            "scaleway_vpc_private_network.shopsecure_pn"
          ]
        }
      ]
    },
    {
      "mode": "managed",
      "type": "scaleway_k8s_pool",
      "name": "full_isolation_pool",
      "provider": "provider[\"registry.terraform.io/scaleway/scaleway\"]",
      "instances": [
        {
          "schema_version": 0,
          "attributes": {
            "autohealing": true,
            "autoscaling": true,
            "cluster_id": "pl-waw/e011b3e5-82a3-4f73-bd37-23c3538b06fb",
            "container_runtime": "containerd",
            "created_at": "2025-11-18T19:34:44Z",
            "current_size": 2,
            "id": "pl-waw/391ad2d1-d3a6-47a2-85b3-b81150ec2a2c",
            "kubelet_args": null,
            "max_size": 5,
            "min_size": 2,
            "name": "full-isolation-pool",
            "node_type": "dev1_m",
            "nodes": [
              {
                "id": "da69a76f-fdcb-4f59-bba5-84db2417e158",
                "name": "scw-shopsecure-kapsule-cl-full-isolatio-da69a7",
                "private_ips": [
                  {
                    "address": "fdb2:5248:b879:85b0:3006:6af3:428d:5ec0",
                    "id": "pl-waw/47cdd1bf-3751-40f6-98dd-21b17ea7c946"
                  },
                  {
                    "address": "172.16.20.5",
                    "id": "pl-waw/6cc2f77d-75dd-4316-9031-f5f605c77b06"
                  }
                ],
                "public_ip": "",
                "public_ip_v6": "",
                "status": "ready"
              },
              {
                "id": "e7c2f86b-e470-42ac-9185-8150d9c9864b",
                "name": "scw-shopsecure-kapsule-cl-full-isolatio-e7c2f8",
                "private_ips": [
                  {
                    "address": "fdb2:5248:b879:85b0:4f82:66ce:82e1:ea8c",
                    "id": "pl-waw/750d5761-a9d9-4de4-8978-cdfb86c0823c"
                  },
                  {
                    "address": "172.16.20.4",
                    "id": "pl-waw/dee643d1-da5f-4292-b1df-e71b99c68367"
                  }
                ],
                "public_ip": "",
                "public_ip_v6": "",
                "status": "ready"
              }
            ],
            "placement_group_id": null,
            "public_ip_disabled": true,
            "region": "pl-waw",
            "root_volume_size_in_gb": 40,
            "root_volume_type": "l_ssd",
            "security_group_id": "8b91deb9-e82e-4242-8f3e-669f187154fa",
            "size": 2,
            "status": "ready",
            "tags": null,
            "timeouts": null,
            "updated_at": "2025-11-18T19:37:34Z",
            "upgrade_policy": [
              {
                "max_surge": 0,
                "max_unavailable": 1
              }
            ],
            "version": "1.33.4",
            "wait_for_pool_ready": true,
            "zone": "pl-waw-1"
          },
          "sensitive_attributes": [],
          "identity_schema_version": 0,
          "private": "eyJlMmJmYjczMC1lY2FhLTExZTYtOGY4OC0zNDM2M2JjN2M0YzAiOnsiY3JlYXRlIjoxODAwMDAwMDAwMDAwLCJkZWZhdWx0IjoxODAwMDAwMDAwMDAwLCJkZWxldGUiOjE4MDAwMDAwMDAwMDAsInJlYWQiOjE4MDAwMDAwMDAwMDAsInVwZGF0ZSI6MTgwMDAwMDAwMDAwMH19",
          "dependencies": [
            "scaleway_k8s_cluster.shopsecure_cluster",
            "scaleway_vpc_gateway_network.shopsecure_gateway_network",
            "scaleway_vpc_private_network.shopsecure_pn",
            "scaleway_vpc_public_gateway.shopsecure_gateway"
          ]
        }
      ]
    },
    {
      "mode": "managed",
      "type": "scaleway_lb_ip",
      "name": "woo_lb_ip",
      "provider": "provider[\"registry.terraform.io/scaleway/scaleway\"]",
      "instances": [
        {
          "schema_version": 1,
          "attributes": {
            "id": "pl-waw-1/030de041-5aff-4e0d-b63e-304d334adadb",
            "ip_address": "151.115.13.52",
            "is_ipv6": false,
            "lb_id": "",
            "organization_id": "002c0a6c-bfdb-4714-83b1-d109ffd161ba",
            "project_id": "002c0a6c-bfdb-4714-83b1-d109ffd161ba",
            "region": "pl-waw",
            "reverse": "151-115-13-52.lb.pl-waw.scw.cloud",
            "tags": null,
            "timeouts": null,
            "zone": "pl-waw-1"
          },
          "sensitive_attributes": [],
          "identity_schema_version": 0,
          "private": "eyJlMmJmYjczMC1lY2FhLTExZTYtOGY4OC0zNDM2M2JjN2M0YzAiOnsiY3JlYXRlIjo5MDAwMDAwMDAwMDAsImRlZmF1bHQiOjkwMDAwMDAwMDAwMCwiZGVsZXRlIjo5MDAwMDAwMDAwMDAsInJlYWQiOjkwMDAwMDAwMDAwMCwidXBkYXRlIjo5MDAwMDAwMDAwMDB9LCJzY2hlbWFfdmVyc2lvbiI6IjEifQ=="
        }
      ]
    },
    {
      "mode": "managed",
      "type": "scaleway_vpc_gateway_network",
      "name": "shopsecure_gateway_network",
      "provider": "provider[\"registry.terraform.io/scaleway/scaleway\"]",
      "instances": [
        {
          "schema_version": 0,
          "attributes": {
            "cleanup_dhcp": null,
            "created_at": "2025-11-18T19:34:28Z",
            "dhcp_id": null,
            "enable_dhcp": null,
            "enable_masquerade": true,
            "gateway_id": "pl-waw-1/96fcb14b-4215-4ad5-ad9d-fc63eb95f1d3",
            "id": "pl-waw-1/7a04732a-053d-4bf4-b6ad-f66802d3f6d3",
            "ipam_config": [
              {
                "ipam_ip_id": "8cdf008c-09fe-4da5-99d1-7e93d02802ff",
                "push_default_route": true
              }
            ],
            "mac_address": "02:00:00:19:49:3F",
            "private_ip": [
              {
                "address": "172.16.20.2",
                "id": "pl-waw/8cdf008c-09fe-4da5-99d1-7e93d02802ff"
              }
            ],
            "private_network_id": "pl-waw/e50910fa-5e2b-4a3f-b869-b9471e8fa09d",
            "static_address": null,
            "status": "ready",
            "timeouts": null,
            "updated_at": "2025-11-18T19:34:39Z",
            "zone": "pl-waw-1"
          },
          "sensitive_attributes": [],
          "identity_schema_version": 0,
          "private": "eyJlMmJmYjczMC1lY2FhLTExZTYtOGY4OC0zNDM2M2JjN2M0YzAiOnsiY3JlYXRlIjo2MDAwMDAwMDAwMDAsImRlZmF1bHQiOjYwMDAwMDAwMDAwMCwiZGVsZXRlIjo2MDAwMDAwMDAwMDAsInJlYWQiOjYwMDAwMDAwMDAwMCwidXBkYXRlIjo2MDAwMDAwMDAwMDB9fQ==",
          "dependencies": [
            "scaleway_vpc_private_network.shopsecure_pn",
            "scaleway_vpc_public_gateway.shopsecure_gateway"
          ]
        }
      ]
    },
    {
      "mode": "managed",
      "type": "scaleway_vpc_private_network",
      "name": "shopsecure_pn",
      "provider": "provider[\"registry.terraform.io/scaleway/scaleway\"]",
      "instances": [
        {
          "schema_version": 1,
          "attributes": {
            "created_at": "2025-11-18T19:34:22Z",
            "enable_default_route_propagation": false,
            "id": "pl-waw/e50910fa-5e2b-4a3f-b869-b9471e8fa09d",
            "ipv4_subnet": [
              {
                "address": "172.16.20.0",
                "created_at": "2025-11-18T19:34:22Z",
                "id": "0240867a-776c-49d8-83a8-4979b0243357",
                "prefix_length": 22,
                "subnet": "172.16.20.0/22",
                "subnet_mask": "255.255.252.0",
                "updated_at": "2025-11-18T19:34:22Z"
              }
            ],
            "ipv6_subnets": [
              {
                "address": "fdb2:5248:b879:85b0::",
                "created_at": "2025-11-18T19:34:22Z",
                "id": "afd042bb-be5b-45dc-8cd3-fc22023b0aef",
                "prefix_length": 64,
                "subnet": "fdb2:5248:b879:85b0::/64",
                "subnet_mask": "255.255.255.255.255.255.255.255.0.0.0.0.0.0.0.0",
                "updated_at": "2025-11-18T19:34:22Z"
              }
            ],
            "is_regional": true,
            "name": "shopsecure-private-net",
            "organization_id": "002c0a6c-bfdb-4714-83b1-d109ffd161ba",
            "project_id": "002c0a6c-bfdb-4714-83b1-d109ffd161ba",
            "region": "pl-waw",
            "tags": null,
            "updated_at": "2025-11-18T19:34:22Z",
            "vpc_id": "pl-waw/a6e6d9f5-4ffb-4806-802d-4ec4ddfd878d",
            "zone": "fr-par-1"
          },
          "sensitive_attributes": [],
          "identity_schema_version": 0,
          "private": "eyJzY2hlbWFfdmVyc2lvbiI6IjEifQ=="
        }
      ]
    },
    {
      "mode": "managed",
      "type": "scaleway_vpc_public_gateway",
      "name": "shopsecure_gateway",
      "provider": "provider[\"registry.terraform.io/scaleway/scaleway\"]",
      "instances": [
        {
          "schema_version": 0,
          "attributes": {
            "allowed_ip_ranges": [
              "0.0.0.0/0"
            ],
            "bandwidth": 100,
            "bastion_enabled": false,
            "bastion_port": 61000,
            "created_at": "2025-11-18T19:34:23Z",
            "enable_smtp": false,
            "id": "pl-waw-1/96fcb14b-4215-4ad5-ad9d-fc63eb95f1d3",
            "ip_id": "pl-waw-1/bbce9001-4495-4f31-962b-e1ee9771ee26",
            "move_to_ipam": null,
            "name": "shopsecure-gateway",
            "organization_id": "002c0a6c-bfdb-4714-83b1-d109ffd161ba",
            "project_id": "002c0a6c-bfdb-4714-83b1-d109ffd161ba",
            "refresh_ssh_keys": null,
            "status": "running",
            "tags": null,
            "timeouts": null,
            "type": "VPC-GW-S",
            "updated_at": "2025-11-18T19:34:28Z",
            "upstream_dns_servers": [],
            "zone": "pl-waw-1"
          },
          "sensitive_attributes": [],
          "identity_schema_version": 0,
          "private": "eyJlMmJmYjczMC1lY2FhLTExZTYtOGY4OC0zNDM2M2JjN2M0YzAiOnsiY3JlYXRlIjo2MDAwMDAwMDAwMDAsImRlZmF1bHQiOjYwMDAwMDAwMDAwMCwiZGVsZXRlIjo2MDAwMDAwMDAwMDAsInJlYWQiOjYwMDAwMDAwMDAwMCwidXBkYXRlIjo2MDAwMDAwMDAwMDB9fQ=="
        }
      ]
    }
  ],
  "check_results": null
}
