{
  "version": 4,
  "terraform_version": "1.13.5",
  "serial": 8,
  "lineage": "261d94a7-ecfd-4172-0236-04ec383ff51a",
  "outputs": {
    "db_host": {
      "value": "172.16.20.2",
      "type": "string"
    },
    "db_password": {
      "value": "Passwd4db1!",
      "type": "string",
      "sensitive": true
    },
    "db_port": {
      "value": 3306,
      "type": "number"
    },
    "db_user": {
      "value": "admin",
      "type": "string"
    },
    "kubeconfig_ca": {
      "value": "LS0tLS1CRUdJTiBDRVJUSUZJQ0FURS0tLS0tCk1JSUJXakNDQVFHZ0F3SUJBZ0lCQURBS0JnZ3Foa2pPUFFRREFqQVZNUk13RVFZRFZRUURFd3ByZFdKbGNtNWwKZEdWek1CNFhEVEkxTVRFeU5UQTJORGMxT0ZvWERUTTFNVEV5TlRBMk5EYzFPRm93RlRFVE1CRUdBMVVFQXhNSwphM1ZpWlhKdVpYUmxjekJaTUJNR0J5cUdTTTQ5QWdFR0NDcUdTTTQ5QXdFSEEwSUFCS292NElUZWtHOGcvelZFCjRRM3BUdUx2VEliYkZ2bDQ5VzlyeVR1YTViRVI0U3JISEdFMmd4dWlVems1cFJqRG1mcVQrRy9Jek9ILzhJZFcKVk11Q0JJS2pRakJBTUE0R0ExVWREd0VCL3dRRUF3SUNwREFQQmdOVkhSTUJBZjhFQlRBREFRSC9NQjBHQTFVZApEZ1FXQkJRT2JoNXZZSTRqVXYzUGNpZkJkNm1RUkdVZmxEQUtCZ2dxaGtqT1BRUURBZ05IQURCRUFpQnRYbXQwCjAxSmhRU1ZHemJXMjkwZVRDQXVuczB4c0duRHUvSFRHV01pclRBSWdYQUR2QVM0RTRidU9jQ2pucGQrUEY3NjUKQ0x0NG1rSlg3QTZlVTNORjQrST0KLS0tLS1FTkQgQ0VSVElGSUNBVEUtLS0tLQo=",
      "type": "string",
      "sensitive": true
    },
    "kubeconfig_host": {
      "value": "https://3d3dd712-d330-4102-b702-f945bd4c9507.api.k8s.pl-waw.scw.cloud:6443",
      "type": "string",
      "sensitive": true
    },
    "kubeconfig_token": {
      "value": "cVIxafpuVHv1a8xVMPqYUPFiakIs6kG6VmhGxpaGdrtDPdE5OVRYv4iR",
      "type": "string",
      "sensitive": true
    }
  },
  "resources": [
    {
      "mode": "data",
      "type": "scaleway_k8s_cluster",
      "name": "shopsecure_cluster",
      "provider": "provider[\"registry.terraform.io/scaleway/scaleway\"]",
      "instances": [
        {
          "schema_version": 0,
          "attributes": {
            "admission_plugins": [],
            "apiserver_cert_sans": [],
            "apiserver_url": "https://3d3dd712-d330-4102-b702-f945bd4c9507.api.k8s.pl-waw.scw.cloud:6443",
            "auto_upgrade": [
              {
                "enable": false,
                "maintenance_window_day": "any",
                "maintenance_window_start_hour": 0
              }
            ],
            "autoscaler_config": [
              {
                "balance_similar_node_groups": false,
                "disable_scale_down": false,
                "estimator": "binpacking",
                "expander": "random",
                "expendable_pods_priority_cutoff": 0,
                "ignore_daemonsets_utilization": false,
                "max_graceful_termination_sec": 0,
                "scale_down_delay_after_add": "10m",
                "scale_down_unneeded_time": "10m",
                "scale_down_utilization_threshold": 0.5
              }
            ],
            "cluster_id": "pl-waw/3d3dd712-d330-4102-b702-f945bd4c9507",
            "cni": "cilium",
            "created_at": "2025-11-26T06:47:58Z",
            "description": "",
            "feature_gates": [],
            "id": "pl-waw/3d3dd712-d330-4102-b702-f945bd4c9507",
            "kubeconfig": [
              {
                "cluster_ca_certificate": "LS0tLS1CRUdJTiBDRVJUSUZJQ0FURS0tLS0tCk1JSUJXakNDQVFHZ0F3SUJBZ0lCQURBS0JnZ3Foa2pPUFFRREFqQVZNUk13RVFZRFZRUURFd3ByZFdKbGNtNWwKZEdWek1CNFhEVEkxTVRFeU5UQTJORGMxT0ZvWERUTTFNVEV5TlRBMk5EYzFPRm93RlRFVE1CRUdBMVVFQXhNSwphM1ZpWlhKdVpYUmxjekJaTUJNR0J5cUdTTTQ5QWdFR0NDcUdTTTQ5QXdFSEEwSUFCS292NElUZWtHOGcvelZFCjRRM3BUdUx2VEliYkZ2bDQ5VzlyeVR1YTViRVI0U3JISEdFMmd4dWlVems1cFJqRG1mcVQrRy9Jek9ILzhJZFcKVk11Q0JJS2pRakJBTUE0R0ExVWREd0VCL3dRRUF3SUNwREFQQmdOVkhSTUJBZjhFQlRBREFRSC9NQjBHQTFVZApEZ1FXQkJRT2JoNXZZSTRqVXYzUGNpZkJkNm1RUkdVZmxEQUtCZ2dxaGtqT1BRUURBZ05IQURCRUFpQnRYbXQwCjAxSmhRU1ZHemJXMjkwZVRDQXVuczB4c0duRHUvSFRHV01pclRBSWdYQUR2QVM0RTRidU9jQ2pucGQrUEY3NjUKQ0x0NG1rSlg3QTZlVTNORjQrST0KLS0tLS1FTkQgQ0VSVElGSUNBVEUtLS0tLQo=",
                "config_file": "apiVersion: v1\nclusters:\n- name: \"shopsecure-kapsule-cluster\"\n  cluster:\n    certificate-authority-data: LS0tLS1CRUdJTiBDRVJUSUZJQ0FURS0tLS0tCk1JSUJXakNDQVFHZ0F3SUJBZ0lCQURBS0JnZ3Foa2pPUFFRREFqQVZNUk13RVFZRFZRUURFd3ByZFdKbGNtNWwKZEdWek1CNFhEVEkxTVRFeU5UQTJORGMxT0ZvWERUTTFNVEV5TlRBMk5EYzFPRm93RlRFVE1CRUdBMVVFQXhNSwphM1ZpWlhKdVpYUmxjekJaTUJNR0J5cUdTTTQ5QWdFR0NDcUdTTTQ5QXdFSEEwSUFCS292NElUZWtHOGcvelZFCjRRM3BUdUx2VEliYkZ2bDQ5VzlyeVR1YTViRVI0U3JISEdFMmd4dWlVems1cFJqRG1mcVQrRy9Jek9ILzhJZFcKVk11Q0JJS2pRakJBTUE0R0ExVWREd0VCL3dRRUF3SUNwREFQQmdOVkhSTUJBZjhFQlRBREFRSC9NQjBHQTFVZApEZ1FXQkJRT2JoNXZZSTRqVXYzUGNpZkJkNm1RUkdVZmxEQUtCZ2dxaGtqT1BRUURBZ05IQURCRUFpQnRYbXQwCjAxSmhRU1ZHemJXMjkwZVRDQXVuczB4c0duRHUvSFRHV01pclRBSWdYQUR2QVM0RTRidU9jQ2pucGQrUEY3NjUKQ0x0NG1rSlg3QTZlVTNORjQrST0KLS0tLS1FTkQgQ0VSVElGSUNBVEUtLS0tLQo=\n    server: https://3d3dd712-d330-4102-b702-f945bd4c9507.api.k8s.pl-waw.scw.cloud:6443\ncontexts:\n- name: admin@shopsecure-kapsule-cluster\n  context:\n    cluster: \"shopsecure-kapsule-cluster\"\n    user: shopsecure-kapsule-cluster-admin\ncurrent-context: admin@shopsecure-kapsule-cluster\nkind: Config\npreferences: {}\nusers:\n- name: shopsecure-kapsule-cluster-admin\n  user:\n    token: cVIxafpuVHv1a8xVMPqYUPFiakIs6kG6VmhGxpaGdrtDPdE5OVRYv4iR",
                "host": "https://3d3dd712-d330-4102-b702-f945bd4c9507.api.k8s.pl-waw.scw.cloud:6443",
                "token": "cVIxafpuVHv1a8xVMPqYUPFiakIs6kG6VmhGxpaGdrtDPdE5OVRYv4iR"
              }
            ],
            "name": "shopsecure-kapsule-cluster",
            "open_id_connect_config": [
              {
                "client_id": "",
                "groups_claim": [],
                "groups_prefix": "",
                "issuer_url": "",
                "required_claim": [],
                "username_claim": "",
                "username_prefix": ""
              }
            ],
            "organization_id": "002c0a6c-bfdb-4714-83b1-d109ffd161ba",
            "pod_cidr": "100.64.0.0/15",
            "private_network_id": "6ac390ff-d665-47b2-9405-60dac77dba16",
            "project_id": "002c0a6c-bfdb-4714-83b1-d109ffd161ba",
            "region": "pl-waw",
            "service_cidr": "10.32.0.0/20",
            "service_dns_ip": "10.32.0.10",
            "status": "ready",
            "tags": [],
            "type": "kapsule",
            "updated_at": "2025-11-26T06:49:41Z",
            "upgrade_available": true,
            "version": "1.33.4",
            "wildcard_dns": "*.3d3dd712-d330-4102-b702-f945bd4c9507.nodes.k8s.pl-waw.scw.cloud"
          },
          "sensitive_attributes": [],
          "identity_schema_version": 0
        }
      ]
    },
    {
      "mode": "managed",
      "type": "scaleway_k8s_cluster",
      "name": "shopsecure_cluster",
      "provider": "provider[\"registry.terraform.io/scaleway/scaleway\"]",
      "instances": [
        {
          "schema_version": 0,
          "attributes": {
            "admission_plugins": null,
            "apiserver_cert_sans": null,
            "apiserver_url": "https://3d3dd712-d330-4102-b702-f945bd4c9507.api.k8s.pl-waw.scw.cloud:6443",
            "auto_upgrade": [
              {
                "enable": false,
                "maintenance_window_day": "any",
                "maintenance_window_start_hour": 0
              }
            ],
            "autoscaler_config": [
              {
                "balance_similar_node_groups": false,
                "disable_scale_down": false,
                "estimator": "binpacking",
                "expander": "random",
                "expendable_pods_priority_cutoff": 0,
                "ignore_daemonsets_utilization": false,
                "max_graceful_termination_sec": 0,
                "scale_down_delay_after_add": "10m",
                "scale_down_unneeded_time": "10m",
                "scale_down_utilization_threshold": 0.5
              }
            ],
            "cni": "cilium",
            "created_at": "2025-11-26T06:47:58Z",
            "delete_additional_resources": true,
            "description": "",
            "feature_gates": null,
            "id": "pl-waw/3d3dd712-d330-4102-b702-f945bd4c9507",
            "kubeconfig": [
              {
                "cluster_ca_certificate": "LS0tLS1CRUdJTiBDRVJUSUZJQ0FURS0tLS0tCk1JSUJXakNDQVFHZ0F3SUJBZ0lCQURBS0JnZ3Foa2pPUFFRREFqQVZNUk13RVFZRFZRUURFd3ByZFdKbGNtNWwKZEdWek1CNFhEVEkxTVRFeU5UQTJORGMxT0ZvWERUTTFNVEV5TlRBMk5EYzFPRm93RlRFVE1CRUdBMVVFQXhNSwphM1ZpWlhKdVpYUmxjekJaTUJNR0J5cUdTTTQ5QWdFR0NDcUdTTTQ5QXdFSEEwSUFCS292NElUZWtHOGcvelZFCjRRM3BUdUx2VEliYkZ2bDQ5VzlyeVR1YTViRVI0U3JISEdFMmd4dWlVems1cFJqRG1mcVQrRy9Jek9ILzhJZFcKVk11Q0JJS2pRakJBTUE0R0ExVWREd0VCL3dRRUF3SUNwREFQQmdOVkhSTUJBZjhFQlRBREFRSC9NQjBHQTFVZApEZ1FXQkJRT2JoNXZZSTRqVXYzUGNpZkJkNm1RUkdVZmxEQUtCZ2dxaGtqT1BRUURBZ05IQURCRUFpQnRYbXQwCjAxSmhRU1ZHemJXMjkwZVRDQXVuczB4c0duRHUvSFRHV01pclRBSWdYQUR2QVM0RTRidU9jQ2pucGQrUEY3NjUKQ0x0NG1rSlg3QTZlVTNORjQrST0KLS0tLS1FTkQgQ0VSVElGSUNBVEUtLS0tLQo=",
                "config_file": "apiVersion: v1\nclusters:\n- name: \"shopsecure-kapsule-cluster\"\n  cluster:\n    certificate-authority-data: LS0tLS1CRUdJTiBDRVJUSUZJQ0FURS0tLS0tCk1JSUJXakNDQVFHZ0F3SUJBZ0lCQURBS0JnZ3Foa2pPUFFRREFqQVZNUk13RVFZRFZRUURFd3ByZFdKbGNtNWwKZEdWek1CNFhEVEkxTVRFeU5UQTJORGMxT0ZvWERUTTFNVEV5TlRBMk5EYzFPRm93RlRFVE1CRUdBMVVFQXhNSwphM1ZpWlhKdVpYUmxjekJaTUJNR0J5cUdTTTQ5QWdFR0NDcUdTTTQ5QXdFSEEwSUFCS292NElUZWtHOGcvelZFCjRRM3BUdUx2VEliYkZ2bDQ5VzlyeVR1YTViRVI0U3JISEdFMmd4dWlVems1cFJqRG1mcVQrRy9Jek9ILzhJZFcKVk11Q0JJS2pRakJBTUE0R0ExVWREd0VCL3dRRUF3SUNwREFQQmdOVkhSTUJBZjhFQlRBREFRSC9NQjBHQTFVZApEZ1FXQkJRT2JoNXZZSTRqVXYzUGNpZkJkNm1RUkdVZmxEQUtCZ2dxaGtqT1BRUURBZ05IQURCRUFpQnRYbXQwCjAxSmhRU1ZHemJXMjkwZVRDQXVuczB4c0duRHUvSFRHV01pclRBSWdYQUR2QVM0RTRidU9jQ2pucGQrUEY3NjUKQ0x0NG1rSlg3QTZlVTNORjQrST0KLS0tLS1FTkQgQ0VSVElGSUNBVEUtLS0tLQo=\n    server: https://3d3dd712-d330-4102-b702-f945bd4c9507.api.k8s.pl-waw.scw.cloud:6443\ncontexts:\n- name: admin@shopsecure-kapsule-cluster\n  context:\n    cluster: \"shopsecure-kapsule-cluster\"\n    user: shopsecure-kapsule-cluster-admin\ncurrent-context: admin@shopsecure-kapsule-cluster\nkind: Config\npreferences: {}\nusers:\n- name: shopsecure-kapsule-cluster-admin\n  user:\n    token: cVIxafpuVHv1a8xVMPqYUPFiakIs6kG6VmhGxpaGdrtDPdE5OVRYv4iR",
                "host": "https://3d3dd712-d330-4102-b702-f945bd4c9507.api.k8s.pl-waw.scw.cloud:6443",
                "token": "cVIxafpuVHv1a8xVMPqYUPFiakIs6kG6VmhGxpaGdrtDPdE5OVRYv4iR"
              }
            ],
            "name": "shopsecure-kapsule-cluster",
            "open_id_connect_config": [
              {
                "client_id": "",
                "groups_claim": [],
                "groups_prefix": "",
                "issuer_url": "",
                "required_claim": [],
                "username_claim": "",
                "username_prefix": ""
              }
            ],
            "organization_id": "002c0a6c-bfdb-4714-83b1-d109ffd161ba",
            "pod_cidr": "100.64.0.0/15",
            "private_network_id": "6ac390ff-d665-47b2-9405-60dac77dba16",
            "project_id": "002c0a6c-bfdb-4714-83b1-d109ffd161ba",
            "region": "pl-waw",
            "service_cidr": "10.32.0.0/20",
            "service_dns_ip": "10.32.0.10",
            "status": "pool_required",
            "tags": null,
            "timeouts": null,
            "type": "kapsule",
            "updated_at": "2025-11-26T06:47:59Z",
            "upgrade_available": true,
            "version": "1.33.4",
            "wildcard_dns": "*.3d3dd712-d330-4102-b702-f945bd4c9507.nodes.k8s.pl-waw.scw.cloud"
          },
          "sensitive_attributes": [
            [
              {
                "type": "get_attr",
                "value": "kubeconfig"
              }
            ]
          ],
          "identity_schema_version": 0,
          "private": "eyJlMmJmYjczMC1lY2FhLTExZTYtOGY4OC0zNDM2M2JjN2M0YzAiOnsiY3JlYXRlIjo5MDAwMDAwMDAwMDAsImRlZmF1bHQiOjkwMDAwMDAwMDAwMCwiZGVsZXRlIjo5MDAwMDAwMDAwMDAsInJlYWQiOjkwMDAwMDAwMDAwMCwidXBkYXRlIjo5MDAwMDAwMDAwMDB9fQ==",
          "dependencies": [
            "scaleway_vpc_private_network.shopsecure_pn"
          ]
        }
      ]
    },
    {
      "mode": "managed",
      "type": "scaleway_k8s_pool",
      "name": "full_isolation_pool",
      "provider": "provider[\"registry.terraform.io/scaleway/scaleway\"]",
      "instances": [
        {
          "schema_version": 0,
          "attributes": {
            "autohealing": true,
            "autoscaling": true,
            "cluster_id": "pl-waw/3d3dd712-d330-4102-b702-f945bd4c9507",
            "container_runtime": "containerd",
            "created_at": "2025-11-26T06:48:19Z",
            "current_size": 3,
            "id": "pl-waw/a738833d-33c4-440b-abc7-d7ccae51a611",
            "kubelet_args": null,
            "max_size": 5,
            "min_size": 2,
            "name": "full-isolation-pool",
            "node_type": "dev1_m",
            "nodes": [
              {
                "id": "8e846fd3-961c-46f6-b49b-9af528073bea",
                "name": "scw-shopsecure-kapsule-cl-full-isolatio-8e846f",
                "private_ips": [
                  {
                    "address": "fdb2:5248:b879:cb37:6e7c:ef34:1daa:406d",
                    "id": "pl-waw/614be2b2-4a53-44e5-b8bf-76cd4391243e"
                  },
                  {
                    "address": "172.16.20.6",
                    "id": "pl-waw/157ac4ee-e72f-4261-bf9f-5eb4b66a6c08"
                  }
                ],
                "public_ip": "",
                "public_ip_v6": "",
                "status": "ready"
              },
              {
                "id": "e3596694-d972-4659-ab51-6ffceac4b688",
                "name": "scw-shopsecure-kapsule-cl-full-isolatio-e35966",
                "private_ips": [
                  {
                    "address": "fdb2:5248:b879:cb37:a194:b631:2408:1a2d",
                    "id": "pl-waw/4a945445-ebbe-4375-9fa9-77c36da23e4e"
                  },
                  {
                    "address": "172.16.20.5",
                    "id": "pl-waw/7dc3e150-53a1-4bee-b92d-de1938f85588"
                  }
                ],
                "public_ip": "",
                "public_ip_v6": "",
                "status": "ready"
              },
              {
                "id": "cdd600d9-62e3-4bd9-825e-056d989fe785",
                "name": "scw-shopsecure-kapsule-cl-full-isolatio-cdd600",
                "private_ips": [
                  {
                    "address": "fdb2:5248:b879:cb37:8009:b9a2:a7df:aaa0",
                    "id": "pl-waw/fbab6632-74f1-4a52-a9ce-7cb1912a1369"
                  },
                  {
                    "address": "172.16.20.7",
                    "id": "pl-waw/5e005a59-4a72-470f-a697-c13c38f95ab3"
                  }
                ],
                "public_ip": "",
                "public_ip_v6": "",
                "status": "ready"
              }
            ],
            "placement_group_id": null,
            "public_ip_disabled": true,
            "region": "pl-waw",
            "root_volume_size_in_gb": 40,
            "root_volume_type": "l_ssd",
            "security_group_id": "8b91deb9-e82e-4242-8f3e-669f187154fa",
            "size": 2,
            "status": "ready",
            "tags": null,
            "timeouts": null,
            "updated_at": "2025-11-26T06:52:11Z",
            "upgrade_policy": [
              {
                "max_surge": 0,
                "max_unavailable": 1
              }
            ],
            "version": "1.33.4",
            "wait_for_pool_ready": true,
            "zone": "pl-waw-1"
          },
          "sensitive_attributes": [],
          "identity_schema_version": 0,
          "private": "eyJlMmJmYjczMC1lY2FhLTExZTYtOGY4OC0zNDM2M2JjN2M0YzAiOnsiY3JlYXRlIjoxODAwMDAwMDAwMDAwLCJkZWZhdWx0IjoxODAwMDAwMDAwMDAwLCJkZWxldGUiOjE4MDAwMDAwMDAwMDAsInJlYWQiOjE4MDAwMDAwMDAwMDAsInVwZGF0ZSI6MTgwMDAwMDAwMDAwMH19",
          "dependencies": [
            "scaleway_k8s_cluster.shopsecure_cluster",
            "scaleway_vpc_gateway_network.shopsecure_gateway_network",
            "scaleway_vpc_private_network.shopsecure_pn",
            "scaleway_vpc_public_gateway.shopsecure_gateway"
          ]
        }
      ]
    },
    {
      "mode": "managed",
      "type": "scaleway_rdb_instance",
      "name": "woocommerce_db",
      "provider": "provider[\"registry.terraform.io/scaleway/scaleway\"]",
      "instances": [
        {
          "schema_version": 0,
          "attributes": {
            "backup_same_region": false,
            "backup_schedule_frequency": 24,
            "backup_schedule_retention": 7,
            "certificate": "-----BEGIN CERTIFICATE-----\nMIIDZjCCAk6gAwIBAgIUGT3UdwizBO/3XM6QMNaK7QQhzaowDQYJKoZIhvcNAQEL\nBQAwVjELMAkGA1UEBhMCRlIxDjAMBgNVBAgMBVBhcmlzMQ4wDAYDVQQHDAVQYXJp\nczERMA8GA1UECgwIU2NhbGV3YXkxFDASBgNVBAMMCzE3Mi4xNi4yMC4yMB4XDTI1\nMTEyNjA2NDkwOFoXDTM1MTEyNDA2NDkwOFowVjELMAkGA1UEBhMCRlIxDjAMBgNV\nBAgMBVBhcmlzMQ4wDAYDVQQHDAVQYXJpczERMA8GA1UECgwIU2NhbGV3YXkxFDAS\nBgNVBAMMCzE3Mi4xNi4yMC4yMIIBIjANBgkqhkiG9w0BAQEFAAOCAQ8AMIIBCgKC\nAQEAsr20lmbDtxiOuyYxghg8S5K/0FhuhK7wfNCuPj+UjavIRpQ6GicgoLlzOXJV\nw8hCpLAhQS3xLq6pia+EFRci95ZDr0ZpQm0Whh0+JH8y2SHorUb1XCR1wzxq/gna\nJ7Ef1WqLejzNXrhZLHAzvfxlA6z5yRVsOf2x7dFbIaVPlam7GBO/lumaJxhy+9As\nrMg3mI36aO9rvCDytLuLXtZjVXBaNiiRbdpDWI287TpMVg0bLAWxMo7J0kacn4u9\nVP7z/6D+n2y3eneUefk3PY0/jXhBWqq57H7q9gAn0VCf1Ej0q4H26MFTNNQKx+tU\nNm1wjdvQT9yIn5P1Qwcog8BmWQIDAQABoywwKjAoBgNVHREEITAfggsxNzIuMTYu\nMjAuMocEl3M+7YcEl3M8u4cErBAUAjANBgkqhkiG9w0BAQsFAAOCAQEANdtTl5tP\ncg34JeUQ3sNgul4TwbSjZIz7lyjBffV0NlQe6A/UzQna03VO1zdIm1FBJsh1YWXb\nL9IaXnVTpgtv8ywBKq9Mliho1pvXuSJCO+kFaZ+++uqPnYU3mQdEnAsWtVJQebSn\n7Ght1vVZPZ1fD1mNvq706lpNeI4bJdtNREZSGHrWopWyNtIRwjeokgwp/cptsKCD\nlm5VRFdv6YZyYmtcFK9vAyozrwyj5ixdgTh0aEhSb3o54XyCVWuUYlestVsBywqq\nrnixi05WmWUTareIMkZBanP1SAgv63TsMkdNStH4ewlZs0n1h7Bh3Chz3ckkf0Lj\nlrb/qTBo+j38xQ==\n-----END CERTIFICATE-----\n",
            "disable_backup": false,
            "encryption_at_rest": false,
            "endpoint_ip": "",
            "endpoint_port": 0,
            "engine": "MySQL-8",
            "id": "pl-waw/18a5e725-3b2b-482e-bc85-0d51a246864b",
            "init_settings": null,
            "is_ha_cluster": true,
            "load_balancer": [],
            "logs_policy": [
              {
                "max_age_retention": 30,
                "total_disk_retention": 0
              }
            ],
            "name": "shopsecure-woocommerce-db",
            "node_type": "db-dev-s",
            "organization_id": "002c0a6c-bfdb-4714-83b1-d109ffd161ba",
            "password": "Passwd4db1!",
            "private_ip": [
              {
                "address": "172.16.20.2",
                "id": "pl-waw/99a1c525-ac1e-428e-aeea-869050d0a365"
              }
            ],
            "private_network": [
              {
                "enable_ipam": true,
                "endpoint_id": "de132a4a-6f04-4e23-9950-ce67278663f1",
                "hostname": "",
                "ip": "172.16.20.2",
                "ip_net": "172.16.20.2/22",
                "name": "",
                "pn_id": "pl-waw/6ac390ff-d665-47b2-9405-60dac77dba16",
                "port": 3306,
                "zone": ""
              }
            ],
            "project_id": "002c0a6c-bfdb-4714-83b1-d109ffd161ba",
            "read_replicas": [],
            "region": "pl-waw",
            "settings": {
              "max_connections": "100"
            },
            "snapshot_id": null,
            "tags": null,
            "timeouts": null,
            "upgradable_versions": [],
            "user_name": "admin",
            "volume_size_in_gb": 5,
            "volume_type": "lssd"
          },
          "sensitive_attributes": [
            [
              {
                "type": "get_attr",
                "value": "password"
              }
            ]
          ],
          "identity_schema_version": 0,
          "private": "eyJlMmJmYjczMC1lY2FhLTExZTYtOGY4OC0zNDM2M2JjN2M0YzAiOnsiY3JlYXRlIjoxODAwMDAwMDAwMDAwLCJkZWZhdWx0IjoxODAwMDAwMDAwMDAwLCJkZWxldGUiOjE4MDAwMDAwMDAwMDAsInJlYWQiOjE4MDAwMDAwMDAwMDAsInVwZGF0ZSI6MTgwMDAwMDAwMDAwMH19",
          "dependencies": [
            "scaleway_vpc_private_network.shopsecure_pn"
          ]
        }
      ]
    },
    {
      "mode": "managed",
      "type": "scaleway_vpc_gateway_network",
      "name": "shopsecure_gateway_network",
      "provider": "provider[\"registry.terraform.io/scaleway/scaleway\"]",
      "instances": [
        {
          "schema_version": 0,
          "attributes": {
            "cleanup_dhcp": null,
            "created_at": "2025-11-26T06:48:08Z",
            "dhcp_id": null,
            "enable_dhcp": null,
            "enable_masquerade": true,
            "gateway_id": "pl-waw-1/6cb99e10-eecb-490c-b0c7-bff2edbb1f8f",
            "id": "pl-waw-1/75ee9488-2349-4937-94f3-f1c5153b6dc8",
            "ipam_config": [
              {
                "ipam_ip_id": "7f0a864d-5a44-4a99-8da7-cb54dc8d8279",
                "push_default_route": true
              }
            ],
            "mac_address": "02:00:00:1B:14:3F",
            "private_ip": [
              {
                "address": "172.16.20.3",
                "id": "pl-waw/7f0a864d-5a44-4a99-8da7-cb54dc8d8279"
              }
            ],
            "private_network_id": "pl-waw/6ac390ff-d665-47b2-9405-60dac77dba16",
            "static_address": null,
            "status": "ready",
            "timeouts": null,
            "updated_at": "2025-11-26T06:48:15Z",
            "zone": "pl-waw-1"
          },
          "sensitive_attributes": [],
          "identity_schema_version": 0,
          "private": "eyJlMmJmYjczMC1lY2FhLTExZTYtOGY4OC0zNDM2M2JjN2M0YzAiOnsiY3JlYXRlIjo2MDAwMDAwMDAwMDAsImRlZmF1bHQiOjYwMDAwMDAwMDAwMCwiZGVsZXRlIjo2MDAwMDAwMDAwMDAsInJlYWQiOjYwMDAwMDAwMDAwMCwidXBkYXRlIjo2MDAwMDAwMDAwMDB9fQ==",
          "dependencies": [
            "scaleway_vpc_private_network.shopsecure_pn",
            "scaleway_vpc_public_gateway.shopsecure_gateway"
          ]
        }
      ]
    },
    {
      "mode": "managed",
      "type": "scaleway_vpc_private_network",
      "name": "shopsecure_pn",
      "provider": "provider[\"registry.terraform.io/scaleway/scaleway\"]",
      "instances": [
        {
          "schema_version": 1,
          "attributes": {
            "created_at": "2025-11-26T06:47:56Z",
            "enable_default_route_propagation": false,
            "id": "pl-waw/6ac390ff-d665-47b2-9405-60dac77dba16",
            "ipv4_subnet": [
              {
                "address": "172.16.20.0",
                "created_at": "2025-11-26T06:47:56Z",
                "id": "5daf828e-4824-4c8d-8fd8-6ced83316341",
                "prefix_length": 22,
                "subnet": "172.16.20.0/22",
                "subnet_mask": "255.255.252.0",
                "updated_at": "2025-11-26T06:47:56Z"
              }
            ],
            "ipv6_subnets": [
              {
                "address": "fdb2:5248:b879:cb37::",
                "created_at": "2025-11-26T06:47:56Z",
                "id": "17cc4879-338f-4c8c-9758-fb70462e8dce",
                "prefix_length": 64,
                "subnet": "fdb2:5248:b879:cb37::/64",
                "subnet_mask": "255.255.255.255.255.255.255.255.0.0.0.0.0.0.0.0",
                "updated_at": "2025-11-26T06:47:56Z"
              }
            ],
            "is_regional": true,
            "name": "shopsecure-private-net",
            "organization_id": "002c0a6c-bfdb-4714-83b1-d109ffd161ba",
            "project_id": "002c0a6c-bfdb-4714-83b1-d109ffd161ba",
            "region": "pl-waw",
            "tags": null,
            "updated_at": "2025-11-26T06:47:56Z",
            "vpc_id": "pl-waw/a6e6d9f5-4ffb-4806-802d-4ec4ddfd878d",
            "zone": "fr-par-1"
          },
          "sensitive_attributes": [],
          "identity_schema_version": 0,
          "private": "eyJzY2hlbWFfdmVyc2lvbiI6IjEifQ=="
        }
      ]
    },
    {
      "mode": "managed",
      "type": "scaleway_vpc_public_gateway",
      "name": "shopsecure_gateway",
      "provider": "provider[\"registry.terraform.io/scaleway/scaleway\"]",
      "instances": [
        {
          "schema_version": 0,
          "attributes": {
            "allowed_ip_ranges": [
              "0.0.0.0/0"
            ],
            "bandwidth": 100,
            "bastion_enabled": false,
            "bastion_port": 61000,
            "created_at": "2025-11-26T06:47:57Z",
            "enable_smtp": false,
            "id": "pl-waw-1/6cb99e10-eecb-490c-b0c7-bff2edbb1f8f",
            "ip_id": "pl-waw-1/bd4f5db3-a5b7-4924-870a-e89a6850aa38",
            "move_to_ipam": null,
            "name": "shopsecure-gateway",
            "organization_id": "002c0a6c-bfdb-4714-83b1-d109ffd161ba",
            "project_id": "002c0a6c-bfdb-4714-83b1-d109ffd161ba",
            "refresh_ssh_keys": null,
            "status": "running",
            "tags": null,
            "timeouts": null,
            "type": "VPC-GW-S",
            "updated_at": "2025-11-26T06:48:02Z",
            "upstream_dns_servers": [],
            "zone": "pl-waw-1"
          },
          "sensitive_attributes": [],
          "identity_schema_version": 0,
          "private": "eyJlMmJmYjczMC1lY2FhLTExZTYtOGY4OC0zNDM2M2JjN2M0YzAiOnsiY3JlYXRlIjo2MDAwMDAwMDAwMDAsImRlZmF1bHQiOjYwMDAwMDAwMDAwMCwiZGVsZXRlIjo2MDAwMDAwMDAwMDAsInJlYWQiOjYwMDAwMDAwMDAwMCwidXBkYXRlIjo2MDAwMDAwMDAwMDB9fQ=="
        }
      ]
    }
  ],
  "check_results": null
}
