{
  "version": 4,
  "terraform_version": "1.13.5",
  "serial": 12,
  "lineage": "80edc949-4a8c-c22b-9690-829822f65bba",
  "outputs": {
    "kubeconfig_ca": {
      "value": "LS0tLS1CRUdJTiBDRVJUSUZJQ0FURS0tLS0tCk1JSUJXekNDQVFHZ0F3SUJBZ0lCQURBS0JnZ3Foa2pPUFFRREFqQVZNUk13RVFZRFZRUURFd3ByZFdKbGNtNWwKZEdWek1CNFhEVEkxTVRFeE56RTFORGN3TTFvWERUTTFNVEV4TnpFMU5EY3dNMW93RlRFVE1CRUdBMVVFQXhNSwphM1ZpWlhKdVpYUmxjekJaTUJNR0J5cUdTTTQ5QWdFR0NDcUdTTTQ5QXdFSEEwSUFCTTk0MWhTbTBiTTN1aWk5CnRUNjFLbE11cnlsa3RLVHMzZDdnK2diSnpaTFAwTUh0K0dtR3duVzZjbnY2cERvdlRKRkdzcjE4VmZTbEFXSFkKUi9OOUpqZWpRakJBTUE0R0ExVWREd0VCL3dRRUF3SUNwREFQQmdOVkhSTUJBZjhFQlRBREFRSC9NQjBHQTFVZApEZ1FXQkJUV3NGbkswQnNJTXV1WHRubGNyMS9xdGtCMXl6QUtCZ2dxaGtqT1BRUURBZ05JQURCRkFpQjRxdk92CnI4dDRrSElzTWF3U2hkUGFuRGFqRlZkNklwOEhUanI2dzl0S3pBSWhBTmk2eGVTTmR5NG8vaUViSmtrejhMYVUKNFc1SklOYlE1QjNpZjhaTW5vUHYKLS0tLS1FTkQgQ0VSVElGSUNBVEUtLS0tLQo=",
      "type": "string",
      "sensitive": true
    },
    "kubeconfig_host": {
      "value": "https://0c65cbe8-999e-4683-8450-ab6087307f01.api.k8s.pl-waw.scw.cloud:6443",
      "type": "string",
      "sensitive": true
    },
    "kubeconfig_token": {
      "value": "hB4fVQr9cmdyr6Cd3KHhhKWslfNbniY2PiJ8hk4ruiapGQsDz1ASQlTn",
      "type": "string",
      "sensitive": true
    },
    "nginx_lb_ip": {
      "value": "151.115.13.9",
      "type": "string"
    }
  },
  "resources": [
    {
      "mode": "data",
      "type": "scaleway_k8s_cluster",
      "name": "shopsecure_cluster",
      "provider": "provider[\"registry.terraform.io/scaleway/scaleway\"]",
      "instances": [
        {
          "schema_version": 0,
          "attributes": {
            "admission_plugins": [],
            "apiserver_cert_sans": [],
            "apiserver_url": "https://0c65cbe8-999e-4683-8450-ab6087307f01.api.k8s.pl-waw.scw.cloud:6443",
            "auto_upgrade": [
              {
                "enable": false,
                "maintenance_window_day": "any",
                "maintenance_window_start_hour": 0
              }
            ],
            "autoscaler_config": [
              {
                "balance_similar_node_groups": false,
                "disable_scale_down": false,
                "estimator": "binpacking",
                "expander": "random",
                "expendable_pods_priority_cutoff": 0,
                "ignore_daemonsets_utilization": false,
                "max_graceful_termination_sec": 0,
                "scale_down_delay_after_add": "10m",
                "scale_down_unneeded_time": "10m",
                "scale_down_utilization_threshold": 0.5
              }
            ],
            "cluster_id": "pl-waw/0c65cbe8-999e-4683-8450-ab6087307f01",
            "cni": "cilium",
            "created_at": "2025-11-18T15:47:03Z",
            "description": "",
            "feature_gates": [],
            "id": "pl-waw/0c65cbe8-999e-4683-8450-ab6087307f01",
            "kubeconfig": [
              {
                "cluster_ca_certificate": "LS0tLS1CRUdJTiBDRVJUSUZJQ0FURS0tLS0tCk1JSUJXekNDQVFHZ0F3SUJBZ0lCQURBS0JnZ3Foa2pPUFFRREFqQVZNUk13RVFZRFZRUURFd3ByZFdKbGNtNWwKZEdWek1CNFhEVEkxTVRFeE56RTFORGN3TTFvWERUTTFNVEV4TnpFMU5EY3dNMW93RlRFVE1CRUdBMVVFQXhNSwphM1ZpWlhKdVpYUmxjekJaTUJNR0J5cUdTTTQ5QWdFR0NDcUdTTTQ5QXdFSEEwSUFCTTk0MWhTbTBiTTN1aWk5CnRUNjFLbE11cnlsa3RLVHMzZDdnK2diSnpaTFAwTUh0K0dtR3duVzZjbnY2cERvdlRKRkdzcjE4VmZTbEFXSFkKUi9OOUpqZWpRakJBTUE0R0ExVWREd0VCL3dRRUF3SUNwREFQQmdOVkhSTUJBZjhFQlRBREFRSC9NQjBHQTFVZApEZ1FXQkJUV3NGbkswQnNJTXV1WHRubGNyMS9xdGtCMXl6QUtCZ2dxaGtqT1BRUURBZ05JQURCRkFpQjRxdk92CnI4dDRrSElzTWF3U2hkUGFuRGFqRlZkNklwOEhUanI2dzl0S3pBSWhBTmk2eGVTTmR5NG8vaUViSmtrejhMYVUKNFc1SklOYlE1QjNpZjhaTW5vUHYKLS0tLS1FTkQgQ0VSVElGSUNBVEUtLS0tLQo=",
                "config_file": "apiVersion: v1\nclusters:\n- name: \"shopsecure-kapsule-cluster\"\n  cluster:\n    certificate-authority-data: LS0tLS1CRUdJTiBDRVJUSUZJQ0FURS0tLS0tCk1JSUJXekNDQVFHZ0F3SUJBZ0lCQURBS0JnZ3Foa2pPUFFRREFqQVZNUk13RVFZRFZRUURFd3ByZFdKbGNtNWwKZEdWek1CNFhEVEkxTVRFeE56RTFORGN3TTFvWERUTTFNVEV4TnpFMU5EY3dNMW93RlRFVE1CRUdBMVVFQXhNSwphM1ZpWlhKdVpYUmxjekJaTUJNR0J5cUdTTTQ5QWdFR0NDcUdTTTQ5QXdFSEEwSUFCTTk0MWhTbTBiTTN1aWk5CnRUNjFLbE11cnlsa3RLVHMzZDdnK2diSnpaTFAwTUh0K0dtR3duVzZjbnY2cERvdlRKRkdzcjE4VmZTbEFXSFkKUi9OOUpqZWpRakJBTUE0R0ExVWREd0VCL3dRRUF3SUNwREFQQmdOVkhSTUJBZjhFQlRBREFRSC9NQjBHQTFVZApEZ1FXQkJUV3NGbkswQnNJTXV1WHRubGNyMS9xdGtCMXl6QUtCZ2dxaGtqT1BRUURBZ05JQURCRkFpQjRxdk92CnI4dDRrSElzTWF3U2hkUGFuRGFqRlZkNklwOEhUanI2dzl0S3pBSWhBTmk2eGVTTmR5NG8vaUViSmtrejhMYVUKNFc1SklOYlE1QjNpZjhaTW5vUHYKLS0tLS1FTkQgQ0VSVElGSUNBVEUtLS0tLQo=\n    server: https://0c65cbe8-999e-4683-8450-ab6087307f01.api.k8s.pl-waw.scw.cloud:6443\ncontexts:\n- name: admin@shopsecure-kapsule-cluster\n  context:\n    cluster: \"shopsecure-kapsule-cluster\"\n    user: shopsecure-kapsule-cluster-admin\ncurrent-context: admin@shopsecure-kapsule-cluster\nkind: Config\npreferences: {}\nusers:\n- name: shopsecure-kapsule-cluster-admin\n  user:\n    token: hB4fVQr9cmdyr6Cd3KHhhKWslfNbniY2PiJ8hk4ruiapGQsDz1ASQlTn",
                "host": "https://0c65cbe8-999e-4683-8450-ab6087307f01.api.k8s.pl-waw.scw.cloud:6443",
                "token": "hB4fVQr9cmdyr6Cd3KHhhKWslfNbniY2PiJ8hk4ruiapGQsDz1ASQlTn"
              }
            ],
            "name": "shopsecure-kapsule-cluster",
            "open_id_connect_config": [
              {
                "client_id": "",
                "groups_claim": [],
                "groups_prefix": "",
                "issuer_url": "",
                "required_claim": [],
                "username_claim": "",
                "username_prefix": ""
              }
            ],
            "organization_id": "002c0a6c-bfdb-4714-83b1-d109ffd161ba",
            "pod_cidr": "100.64.0.0/15",
            "private_network_id": "d7b99fb4-cb0f-4da1-8a1c-fbf01d29d7ca",
            "project_id": "002c0a6c-bfdb-4714-83b1-d109ffd161ba",
            "region": "pl-waw",
            "service_cidr": "10.32.0.0/20",
            "service_dns_ip": "10.32.0.10",
            "status": "ready",
            "tags": [],
            "type": "kapsule",
            "updated_at": "2025-11-18T15:48:52Z",
            "upgrade_available": true,
            "version": "1.33.4",
            "wildcard_dns": "*.0c65cbe8-999e-4683-8450-ab6087307f01.nodes.k8s.pl-waw.scw.cloud"
          },
          "sensitive_attributes": [],
          "identity_schema_version": 0
        }
      ]
    },
    {
      "mode": "managed",
      "type": "scaleway_k8s_cluster",
      "name": "shopsecure_cluster",
      "provider": "provider[\"registry.terraform.io/scaleway/scaleway\"]",
      "instances": [
        {
          "schema_version": 0,
          "attributes": {
            "admission_plugins": [],
            "apiserver_cert_sans": [],
            "apiserver_url": "https://0c65cbe8-999e-4683-8450-ab6087307f01.api.k8s.pl-waw.scw.cloud:6443",
            "auto_upgrade": [
              {
                "enable": false,
                "maintenance_window_day": "any",
                "maintenance_window_start_hour": 0
              }
            ],
            "autoscaler_config": [
              {
                "balance_similar_node_groups": false,
                "disable_scale_down": false,
                "estimator": "binpacking",
                "expander": "random",
                "expendable_pods_priority_cutoff": 0,
                "ignore_daemonsets_utilization": false,
                "max_graceful_termination_sec": 0,
                "scale_down_delay_after_add": "10m",
                "scale_down_unneeded_time": "10m",
                "scale_down_utilization_threshold": 0.5
              }
            ],
            "cni": "cilium",
            "created_at": "2025-11-18T15:47:03Z",
            "delete_additional_resources": true,
            "description": "",
            "feature_gates": [],
            "id": "pl-waw/0c65cbe8-999e-4683-8450-ab6087307f01",
            "kubeconfig": [
              {
                "cluster_ca_certificate": "LS0tLS1CRUdJTiBDRVJUSUZJQ0FURS0tLS0tCk1JSUJXekNDQVFHZ0F3SUJBZ0lCQURBS0JnZ3Foa2pPUFFRREFqQVZNUk13RVFZRFZRUURFd3ByZFdKbGNtNWwKZEdWek1CNFhEVEkxTVRFeE56RTFORGN3TTFvWERUTTFNVEV4TnpFMU5EY3dNMW93RlRFVE1CRUdBMVVFQXhNSwphM1ZpWlhKdVpYUmxjekJaTUJNR0J5cUdTTTQ5QWdFR0NDcUdTTTQ5QXdFSEEwSUFCTTk0MWhTbTBiTTN1aWk5CnRUNjFLbE11cnlsa3RLVHMzZDdnK2diSnpaTFAwTUh0K0dtR3duVzZjbnY2cERvdlRKRkdzcjE4VmZTbEFXSFkKUi9OOUpqZWpRakJBTUE0R0ExVWREd0VCL3dRRUF3SUNwREFQQmdOVkhSTUJBZjhFQlRBREFRSC9NQjBHQTFVZApEZ1FXQkJUV3NGbkswQnNJTXV1WHRubGNyMS9xdGtCMXl6QUtCZ2dxaGtqT1BRUURBZ05JQURCRkFpQjRxdk92CnI4dDRrSElzTWF3U2hkUGFuRGFqRlZkNklwOEhUanI2dzl0S3pBSWhBTmk2eGVTTmR5NG8vaUViSmtrejhMYVUKNFc1SklOYlE1QjNpZjhaTW5vUHYKLS0tLS1FTkQgQ0VSVElGSUNBVEUtLS0tLQo=",
                "config_file": "apiVersion: v1\nclusters:\n- name: \"shopsecure-kapsule-cluster\"\n  cluster:\n    certificate-authority-data: LS0tLS1CRUdJTiBDRVJUSUZJQ0FURS0tLS0tCk1JSUJXekNDQVFHZ0F3SUJBZ0lCQURBS0JnZ3Foa2pPUFFRREFqQVZNUk13RVFZRFZRUURFd3ByZFdKbGNtNWwKZEdWek1CNFhEVEkxTVRFeE56RTFORGN3TTFvWERUTTFNVEV4TnpFMU5EY3dNMW93RlRFVE1CRUdBMVVFQXhNSwphM1ZpWlhKdVpYUmxjekJaTUJNR0J5cUdTTTQ5QWdFR0NDcUdTTTQ5QXdFSEEwSUFCTTk0MWhTbTBiTTN1aWk5CnRUNjFLbE11cnlsa3RLVHMzZDdnK2diSnpaTFAwTUh0K0dtR3duVzZjbnY2cERvdlRKRkdzcjE4VmZTbEFXSFkKUi9OOUpqZWpRakJBTUE0R0ExVWREd0VCL3dRRUF3SUNwREFQQmdOVkhSTUJBZjhFQlRBREFRSC9NQjBHQTFVZApEZ1FXQkJUV3NGbkswQnNJTXV1WHRubGNyMS9xdGtCMXl6QUtCZ2dxaGtqT1BRUURBZ05JQURCRkFpQjRxdk92CnI4dDRrSElzTWF3U2hkUGFuRGFqRlZkNklwOEhUanI2dzl0S3pBSWhBTmk2eGVTTmR5NG8vaUViSmtrejhMYVUKNFc1SklOYlE1QjNpZjhaTW5vUHYKLS0tLS1FTkQgQ0VSVElGSUNBVEUtLS0tLQo=\n    server: https://0c65cbe8-999e-4683-8450-ab6087307f01.api.k8s.pl-waw.scw.cloud:6443\ncontexts:\n- name: admin@shopsecure-kapsule-cluster\n  context:\n    cluster: \"shopsecure-kapsule-cluster\"\n    user: shopsecure-kapsule-cluster-admin\ncurrent-context: admin@shopsecure-kapsule-cluster\nkind: Config\npreferences: {}\nusers:\n- name: shopsecure-kapsule-cluster-admin\n  user:\n    token: hB4fVQr9cmdyr6Cd3KHhhKWslfNbniY2PiJ8hk4ruiapGQsDz1ASQlTn",
                "host": "https://0c65cbe8-999e-4683-8450-ab6087307f01.api.k8s.pl-waw.scw.cloud:6443",
                "token": "hB4fVQr9cmdyr6Cd3KHhhKWslfNbniY2PiJ8hk4ruiapGQsDz1ASQlTn"
              }
            ],
            "name": "shopsecure-kapsule-cluster",
            "open_id_connect_config": [
              {
                "client_id": "",
                "groups_claim": [],
                "groups_prefix": "",
                "issuer_url": "",
                "required_claim": [],
                "username_claim": "",
                "username_prefix": ""
              }
            ],
            "organization_id": "002c0a6c-bfdb-4714-83b1-d109ffd161ba",
            "pod_cidr": "100.64.0.0/15",
            "private_network_id": "d7b99fb4-cb0f-4da1-8a1c-fbf01d29d7ca",
            "project_id": "002c0a6c-bfdb-4714-83b1-d109ffd161ba",
            "region": "pl-waw",
            "service_cidr": "10.32.0.0/20",
            "service_dns_ip": "10.32.0.10",
            "status": "ready",
            "tags": [],
            "timeouts": null,
            "type": "kapsule",
            "updated_at": "2025-11-18T15:48:52Z",
            "upgrade_available": true,
            "version": "1.33.4",
            "wildcard_dns": "*.0c65cbe8-999e-4683-8450-ab6087307f01.nodes.k8s.pl-waw.scw.cloud"
          },
          "sensitive_attributes": [
            [
              {
                "type": "get_attr",
                "value": "kubeconfig"
              }
            ]
          ],
          "identity_schema_version": 0,
          "private": "eyJlMmJmYjczMC1lY2FhLTExZTYtOGY4OC0zNDM2M2JjN2M0YzAiOnsiY3JlYXRlIjo5MDAwMDAwMDAwMDAsImRlZmF1bHQiOjkwMDAwMDAwMDAwMCwiZGVsZXRlIjo5MDAwMDAwMDAwMDAsInJlYWQiOjkwMDAwMDAwMDAwMCwidXBkYXRlIjo5MDAwMDAwMDAwMDB9fQ==",
          "dependencies": [
            "scaleway_vpc_private_network.shopsecure_pn"
          ]
        }
      ]
    },
    {
      "mode": "managed",
      "type": "scaleway_k8s_pool",
      "name": "full_isolation_pool",
      "provider": "provider[\"registry.terraform.io/scaleway/scaleway\"]",
      "instances": [
        {
          "schema_version": 0,
          "attributes": {
            "autohealing": true,
            "autoscaling": true,
            "cluster_id": "pl-waw/0c65cbe8-999e-4683-8450-ab6087307f01",
            "container_runtime": "containerd",
            "created_at": "2025-11-18T15:47:29Z",
            "current_size": 2,
            "id": "pl-waw/e17236d3-6b33-4450-8c09-cf3ff1d5df13",
            "kubelet_args": {},
            "max_size": 5,
            "min_size": 2,
            "name": "full-isolation-pool",
            "node_type": "dev1_m",
            "nodes": [
              {
                "id": "471a0301-ab98-4f29-ad41-7b9689309baa",
                "name": "scw-shopsecure-kapsule-cl-full-isolatio-471a03",
                "private_ips": [
                  {
                    "address": "fdb2:5248:b879:e4b0:6a75:1522:ebd0:5b1a",
                    "id": "pl-waw/af774945-bf38-4c15-90d6-e1c176c74941"
                  },
                  {
                    "address": "172.16.0.4",
                    "id": "pl-waw/789e4351-3c91-49e6-ba0d-de1787d00ee8"
                  }
                ],
                "public_ip": "",
                "public_ip_v6": "",
                "status": "ready"
              },
              {
                "id": "0cc11cc3-5bb6-42d6-897d-0a37ff12fff3",
                "name": "scw-shopsecure-kapsule-cl-full-isolatio-0cc11c",
                "private_ips": [
                  {
                    "address": "fdb2:5248:b879:e4b0:6b58:4584:313a:49bf",
                    "id": "pl-waw/5dfefc2e-99e9-4fe4-961c-7cf0333f8f60"
                  },
                  {
                    "address": "172.16.0.5",
                    "id": "pl-waw/092c7134-2863-429a-b23d-80c2afa1cdad"
                  }
                ],
                "public_ip": "",
                "public_ip_v6": "",
                "status": "ready"
              }
            ],
            "placement_group_id": null,
            "public_ip_disabled": true,
            "region": "pl-waw",
            "root_volume_size_in_gb": 40,
            "root_volume_type": "l_ssd",
            "security_group_id": "8b91deb9-e82e-4242-8f3e-669f187154fa",
            "size": 2,
            "status": "ready",
            "tags": [],
            "timeouts": null,
            "updated_at": "2025-11-18T15:50:20Z",
            "upgrade_policy": [
              {
                "max_surge": 0,
                "max_unavailable": 1
              }
            ],
            "version": "1.33.4",
            "wait_for_pool_ready": true,
            "zone": "pl-waw-1"
          },
          "sensitive_attributes": [],
          "identity_schema_version": 0,
          "private": "eyJlMmJmYjczMC1lY2FhLTExZTYtOGY4OC0zNDM2M2JjN2M0YzAiOnsiY3JlYXRlIjoxODAwMDAwMDAwMDAwLCJkZWZhdWx0IjoxODAwMDAwMDAwMDAwLCJkZWxldGUiOjE4MDAwMDAwMDAwMDAsInJlYWQiOjE4MDAwMDAwMDAwMDAsInVwZGF0ZSI6MTgwMDAwMDAwMDAwMH19",
          "dependencies": [
            "scaleway_k8s_cluster.shopsecure_cluster",
            "scaleway_vpc_gateway_network.shopsecure_gateway_network",
            "scaleway_vpc_private_network.shopsecure_pn",
            "scaleway_vpc_public_gateway.shopsecure_gateway"
          ]
        }
      ]
    },
    {
      "mode": "managed",
      "type": "scaleway_lb_ip",
      "name": "woo_lb_ip",
      "provider": "provider[\"registry.terraform.io/scaleway/scaleway\"]",
      "instances": [
        {
          "schema_version": 1,
          "attributes": {
            "id": "pl-waw-1/310abee4-c066-4663-aa5e-e1c24fa9f3c9",
            "ip_address": "151.115.13.9",
            "is_ipv6": false,
            "lb_id": "b9f49435-e8e0-4bf7-a734-5ea0a718f2f0",
            "organization_id": "002c0a6c-bfdb-4714-83b1-d109ffd161ba",
            "project_id": "002c0a6c-bfdb-4714-83b1-d109ffd161ba",
            "region": "pl-waw",
            "reverse": "151-115-13-9.lb.pl-waw.scw.cloud",
            "tags": [],
            "timeouts": null,
            "zone": "pl-waw-1"
          },
          "sensitive_attributes": [],
          "identity_schema_version": 0,
          "private": "eyJlMmJmYjczMC1lY2FhLTExZTYtOGY4OC0zNDM2M2JjN2M0YzAiOnsiY3JlYXRlIjo5MDAwMDAwMDAwMDAsImRlZmF1bHQiOjkwMDAwMDAwMDAwMCwiZGVsZXRlIjo5MDAwMDAwMDAwMDAsInJlYWQiOjkwMDAwMDAwMDAwMCwidXBkYXRlIjo5MDAwMDAwMDAwMDB9LCJzY2hlbWFfdmVyc2lvbiI6IjEifQ=="
        }
      ]
    },
    {
      "mode": "managed",
      "type": "scaleway_rdb_instance",
      "name": "woocommerce_db",
      "provider": "provider[\"registry.terraform.io/scaleway/scaleway\"]",
      "instances": [
        {
          "schema_version": 0,
          "attributes": {
            "backup_same_region": false,
            "backup_schedule_frequency": 24,
            "backup_schedule_retention": 7,
            "certificate": "-----BEGIN CERTIFICATE-----\nMIIDYzCCAkugAwIBAgIUOS+rkHblOzHFR/ImKs0zLUo+EnowDQYJKoZIhvcNAQEL\nBQAwVTELMAkGA1UEBhMCRlIxDjAMBgNVBAgMBVBhcmlzMQ4wDAYDVQQHDAVQYXJp\nczERMA8GA1UECgwIU2NhbGV3YXkxEzARBgNVBAMMCjE3Mi4xNi4wLjYwHhcNMjUx\nMTE4MTU1ODE2WhcNMzUxMTE2MTU1ODE2WjBVMQswCQYDVQQGEwJGUjEOMAwGA1UE\nCAwFUGFyaXMxDjAMBgNVBAcMBVBhcmlzMREwDwYDVQQKDAhTY2FsZXdheTETMBEG\nA1UEAwwKMTcyLjE2LjAuNjCCASIwDQYJKoZIhvcNAQEBBQADggEPADCCAQoCggEB\nAKPBG4wIUXlD69NqfAEk4LutrfL7RFzZVF9c8HUjgpfbyPqOomDUVIl4jG3fGxij\nust8XJ30WpXahxfpfvEedqCFSAXkkdgpCZeRdjxT1dwDxvndeAlZkZcZDEjrsGo4\ngjaYlro/R4Vb6EvIdAUhFztdORLfMOUXJ5RyIxprTXXtyWktigpUMzV7ie7/Hh8S\npEHY6efBoqrOYJ2kY0X9E3pA9KWLz317R4tb2sE/RyUD3odohSBiyFjWr+HGStLG\n2yZ+6gSS0OQXBtyytUBk49ZomZNsgEYk5m6G+FDIM8YER8Eq5XaSr1DghXUyVam6\n6HpkJNF53dyctOcQn3H8voMCAwEAAaMrMCkwJwYDVR0RBCAwHoIKMTcyLjE2LjAu\nNocEl3MrpocEl3Mk9IcErBAABjANBgkqhkiG9w0BAQsFAAOCAQEAhDfyN3eUTxu9\nvnThvrcoDD5/7DzvEpYR9JE3slG0tzEZ00BpRd1ASCg738PtpSFVzJq1ngvCY0At\n+0PnR+3lKaKoj1E76bMskMKegwor73cY8odn76jagjgOUkZXTLM7o9c6vS4KDSHX\nowkmE0WshBpS977RHyNEBBMxFDWsJENffQ41vk46cZDyZdLzsAYraeGhZFsGd0o5\nby+nkQRMqD0KC+CK2n1s07YYu1DQpU95aFhEr8IvpFHrC6GJ9OxOrHx5zyJmAJ/2\nnTgN6ndaB5mT9tm+rrzZkTBCqIgVb6cxz4PnRmhEI93QyCRU+vdTiOQZD5gvXMUs\nT6IsvwDGJg==\n-----END CERTIFICATE-----\n",
            "disable_backup": false,
            "encryption_at_rest": false,
            "endpoint_ip": "",
            "endpoint_port": 0,
            "engine": "MySQL-8",
            "id": "pl-waw/7dd2146a-521f-490f-8f7a-6a1bff1e245b",
            "init_settings": {},
            "is_ha_cluster": true,
            "load_balancer": [],
            "logs_policy": [
              {
                "max_age_retention": 30,
                "total_disk_retention": 0
              }
            ],
            "name": "shopsecure-woocommerce-db",
            "node_type": "db-dev-s",
            "organization_id": "002c0a6c-bfdb-4714-83b1-d109ffd161ba",
            "password": "Passwd4db1!",
            "private_ip": [
              {
                "address": "172.16.0.6",
                "id": "pl-waw/51241686-e4a1-4da7-922b-7b3e75ac340a"
              }
            ],
            "private_network": [
              {
                "enable_ipam": true,
                "endpoint_id": "30e904e5-e53d-41ad-9383-eecbd69f3521",
                "hostname": "",
                "ip": "172.16.0.6",
                "ip_net": "172.16.0.6/22",
                "name": "",
                "pn_id": "pl-waw/d7b99fb4-cb0f-4da1-8a1c-fbf01d29d7ca",
                "port": 3306,
                "zone": ""
              }
            ],
            "project_id": "002c0a6c-bfdb-4714-83b1-d109ffd161ba",
            "read_replicas": [],
            "region": "pl-waw",
            "settings": {
              "max_connections": "100"
            },
            "snapshot_id": null,
            "tags": [],
            "timeouts": null,
            "upgradable_versions": [],
            "user_name": "admin",
            "volume_size_in_gb": 5,
            "volume_type": "lssd"
          },
          "sensitive_attributes": [
            [
              {
                "type": "get_attr",
                "value": "password"
              }
            ]
          ],
          "identity_schema_version": 0,
          "private": "eyJlMmJmYjczMC1lY2FhLTExZTYtOGY4OC0zNDM2M2JjN2M0YzAiOnsiY3JlYXRlIjoxODAwMDAwMDAwMDAwLCJkZWZhdWx0IjoxODAwMDAwMDAwMDAwLCJkZWxldGUiOjE4MDAwMDAwMDAwMDAsInJlYWQiOjE4MDAwMDAwMDAwMDAsInVwZGF0ZSI6MTgwMDAwMDAwMDAwMH19",
          "dependencies": [
            "scaleway_vpc_private_network.shopsecure_pn"
          ]
        }
      ]
    },
    {
      "mode": "managed",
      "type": "scaleway_vpc_gateway_network",
      "name": "shopsecure_gateway_network",
      "provider": "provider[\"registry.terraform.io/scaleway/scaleway\"]",
      "instances": [
        {
          "schema_version": 0,
          "attributes": {
            "cleanup_dhcp": null,
            "created_at": "2025-11-18T15:47:13Z",
            "dhcp_id": null,
            "enable_dhcp": null,
            "enable_masquerade": true,
            "gateway_id": "pl-waw-1/eedaa676-b7ee-4bf2-ad41-133be3b2ae1c",
            "id": "pl-waw-1/48f9d4f1-4915-4d54-9533-41faefd91141",
            "ipam_config": [
              {
                "ipam_ip_id": "620281fc-57b2-4bac-bebe-292dbda5097d",
                "push_default_route": true
              }
            ],
            "mac_address": "02:00:00:1E:54:6F",
            "private_ip": [
              {
                "address": "172.16.0.2",
                "id": "pl-waw/620281fc-57b2-4bac-bebe-292dbda5097d"
              }
            ],
            "private_network_id": "pl-waw/d7b99fb4-cb0f-4da1-8a1c-fbf01d29d7ca",
            "static_address": null,
            "status": "ready",
            "timeouts": null,
            "updated_at": "2025-11-18T15:47:25Z",
            "zone": "pl-waw-1"
          },
          "sensitive_attributes": [],
          "identity_schema_version": 0,
          "private": "eyJlMmJmYjczMC1lY2FhLTExZTYtOGY4OC0zNDM2M2JjN2M0YzAiOnsiY3JlYXRlIjo2MDAwMDAwMDAwMDAsImRlZmF1bHQiOjYwMDAwMDAwMDAwMCwiZGVsZXRlIjo2MDAwMDAwMDAwMDAsInJlYWQiOjYwMDAwMDAwMDAwMCwidXBkYXRlIjo2MDAwMDAwMDAwMDB9fQ==",
          "dependencies": [
            "scaleway_vpc_private_network.shopsecure_pn",
            "scaleway_vpc_public_gateway.shopsecure_gateway"
          ]
        }
      ]
    },
    {
      "mode": "managed",
      "type": "scaleway_vpc_private_network",
      "name": "shopsecure_pn",
      "provider": "provider[\"registry.terraform.io/scaleway/scaleway\"]",
      "instances": [
        {
          "schema_version": 1,
          "attributes": {
            "created_at": "2025-11-18T15:47:02Z",
            "enable_default_route_propagation": false,
            "id": "pl-waw/d7b99fb4-cb0f-4da1-8a1c-fbf01d29d7ca",
            "ipv4_subnet": [
              {
                "address": "172.16.0.0",
                "created_at": "2025-11-18T15:47:02Z",
                "id": "49388072-e7d9-4303-b6b4-54dd12455255",
                "prefix_length": 22,
                "subnet": "172.16.0.0/22",
                "subnet_mask": "255.255.252.0",
                "updated_at": "2025-11-18T15:47:02Z"
              }
            ],
            "ipv6_subnets": [
              {
                "address": "fdb2:5248:b879:e4b0::",
                "created_at": "2025-11-18T15:47:02Z",
                "id": "f42f85b9-8ce5-460c-beaa-2dc8995663dc",
                "prefix_length": 64,
                "subnet": "fdb2:5248:b879:e4b0::/64",
                "subnet_mask": "255.255.255.255.255.255.255.255.0.0.0.0.0.0.0.0",
                "updated_at": "2025-11-18T15:47:02Z"
              }
            ],
            "is_regional": true,
            "name": "shopsecure-private-net",
            "organization_id": "002c0a6c-bfdb-4714-83b1-d109ffd161ba",
            "project_id": "002c0a6c-bfdb-4714-83b1-d109ffd161ba",
            "region": "pl-waw",
            "tags": [],
            "updated_at": "2025-11-18T15:47:21Z",
            "vpc_id": "pl-waw/a6e6d9f5-4ffb-4806-802d-4ec4ddfd878d",
            "zone": "fr-par-1"
          },
          "sensitive_attributes": [],
          "identity_schema_version": 0,
          "private": "eyJzY2hlbWFfdmVyc2lvbiI6IjEifQ=="
        }
      ]
    },
    {
      "mode": "managed",
      "type": "scaleway_vpc_public_gateway",
      "name": "shopsecure_gateway",
      "provider": "provider[\"registry.terraform.io/scaleway/scaleway\"]",
      "instances": [
        {
          "schema_version": 0,
          "attributes": {
            "allowed_ip_ranges": [
              "0.0.0.0/0"
            ],
            "bandwidth": 100,
            "bastion_enabled": false,
            "bastion_port": 61000,
            "created_at": "2025-11-18T15:47:03Z",
            "enable_smtp": false,
            "id": "pl-waw-1/eedaa676-b7ee-4bf2-ad41-133be3b2ae1c",
            "ip_id": "pl-waw-1/1148651c-17af-4ed8-a6b4-dadb1311ace8",
            "move_to_ipam": null,
            "name": "shopsecure-gateway",
            "organization_id": "002c0a6c-bfdb-4714-83b1-d109ffd161ba",
            "project_id": "002c0a6c-bfdb-4714-83b1-d109ffd161ba",
            "refresh_ssh_keys": null,
            "status": "running",
            "tags": [],
            "timeouts": null,
            "type": "VPC-GW-S",
            "updated_at": "2025-11-18T15:47:25Z",
            "upstream_dns_servers": [],
            "zone": "pl-waw-1"
          },
          "sensitive_attributes": [],
          "identity_schema_version": 0,
          "private": "eyJlMmJmYjczMC1lY2FhLTExZTYtOGY4OC0zNDM2M2JjN2M0YzAiOnsiY3JlYXRlIjo2MDAwMDAwMDAwMDAsImRlZmF1bHQiOjYwMDAwMDAwMDAwMCwiZGVsZXRlIjo2MDAwMDAwMDAwMDAsInJlYWQiOjYwMDAwMDAwMDAwMCwidXBkYXRlIjo2MDAwMDAwMDAwMDB9fQ=="
        }
      ]
    }
  ],
  "check_results": null
}
